
Microsoft Visual Studio Solution File, Format Version 12.00
# Visual Studio 14
VisualStudioVersion = 14.0.25420.1
MinimumVisualStudioVersion = 10.0.40219.1
Project("{FAE04EC0-301F-11D3-BF4B-00C04F79EFBC}") = "Xamarin", "Xamarin\Xamarin\Xamarin.csproj", "{CA35617C-89AB-42F0-891C-D2F58E41F5DE}"
EndProject
Project("{FAE04EC0-301F-11D3-BF4B-00C04F79EFBC}") = "Xamarin.Droid", "Xamarin\Xamarin.Droid\Xamarin.Droid.csproj", "{FD68A2A0-119F-499E-8054-F51309B971FD}"
EndProject
Project("{FAE04EC0-301F-11D3-BF4B-00C04F79EFBC}") = "Xamarin.iOS", "Xamarin\Xamarin.iOS\Xamarin.iOS.csproj", "{CD5FCCC6-3CC4-4098-B084-0169821EAF02}"
EndProject
Global
	GlobalSection(SolutionConfigurationPlatforms) = preSolution
		Ad-Hoc|Any CPU = Ad-Hoc|Any CPU
		Ad-Hoc|iPhone = Ad-Hoc|iPhone
		Ad-Hoc|iPhoneSimulator = Ad-Hoc|iPhoneSimulator
		AppStore|Any CPU = AppStore|Any CPU
		AppStore|iPhone = AppStore|iPhone
		AppStore|iPhoneSimulator = AppStore|iPhoneSimulator
		Debug|Any CPU = Debug|Any CPU
		Debug|iPhone = Debug|iPhone
		Debug|iPhoneSimulator = Debug|iPhoneSimulator
		Release|Any CPU = Release|Any CPU
		Release|iPhone = Release|iPhone
		Release|iPhoneSimulator = Release|iPhoneSimulator
	EndGlobalSection
	GlobalSection(ProjectConfigurationPlatforms) = postSolution
		{CA35617C-89AB-42F0-891C-D2F58E41F5DE}.Ad-Hoc|Any CPU.ActiveCfg = Release|Any CPU
		{CA35617C-89AB-42F0-891C-D2F58E41F5DE}.Ad-Hoc|Any CPU.Build.0 = Release|Any CPU
		{CA35617C-89AB-42F0-891C-D2F58E41F5DE}.Ad-Hoc|iPhone.ActiveCfg = Release|Any CPU
		{CA35617C-89AB-42F0-891C-D2F58E41F5DE}.Ad-Hoc|iPhone.Build.0 = Release|Any CPU
		{CA35617C-89AB-42F0-891C-D2F58E41F5DE}.Ad-Hoc|iPhoneSimulator.ActiveCfg = Release|Any CPU
		{CA35617C-89AB-42F0-891C-D2F58E41F5DE}.Ad-Hoc|iPhoneSimulator.Build.0 = Release|Any CPU
		{CA35617C-89AB-42F0-891C-D2F58E41F5DE}.AppStore|Any CPU.ActiveCfg = Release|Any CPU
		{CA35617C-89AB-42F0-891C-D2F58E41F5DE}.AppStore|Any CPU.Build.0 = Release|Any CPU
		{CA35617C-89AB-42F0-891C-D2F58E41F5DE}.AppStore|iPhone.ActiveCfg = Release|Any CPU
		{CA35617C-89AB-42F0-891C-D2F58E41F5DE}.AppStore|iPhone.Build.0 = Release|Any CPU
		{CA35617C-89AB-42F0-891C-D2F58E41F5DE}.AppStore|iPhoneSimulator.ActiveCfg = Release|Any CPU
		{CA35617C-89AB-42F0-891C-D2F58E41F5DE}.AppStore|iPhoneSimulator.Build.0 = Release|Any CPU
		{CA35617C-89AB-42F0-891C-D2F58E41F5DE}.Debug|Any CPU.ActiveCfg = Debug|Any CPU
		{CA35617C-89AB-42F0-891C-D2F58E41F5DE}.Debug|Any CPU.Build.0 = Debug|Any CPU
		{CA35617C-89AB-42F0-891C-D2F58E41F5DE}.Debug|iPhone.ActiveCfg = Debug|Any CPU
		{CA35617C-89AB-42F0-891C-D2F58E41F5DE}.Debug|iPhone.Build.0 = Debug|Any CPU
		{CA35617C-89AB-42F0-891C-D2F58E41F5DE}.Debug|iPhoneSimulator.ActiveCfg = Debug|Any CPU
		{CA35617C-89AB-42F0-891C-D2F58E41F5DE}.Debug|iPhoneSimulator.Build.0 = Debug|Any CPU
		{CA35617C-89AB-42F0-891C-D2F58E41F5DE}.Release|Any CPU.ActiveCfg = Release|Any CPU
		{CA35617C-89AB-42F0-891C-D2F58E41F5DE}.Release|Any CPU.Build.0 = Release|Any CPU
		{CA35617C-89AB-42F0-891C-D2F58E41F5DE}.Release|iPhone.ActiveCfg = Release|Any CPU
		{CA35617C-89AB-42F0-891C-D2F58E41F5DE}.Release|iPhone.Build.0 = Release|Any CPU
		{CA35617C-89AB-42F0-891C-D2F58E41F5DE}.Release|iPhoneSimulator.ActiveCfg = Release|Any CPU
		{CA35617C-89AB-42F0-891C-D2F58E41F5DE}.Release|iPhoneSimulator.Build.0 = Release|Any CPU
		{FD68A2A0-119F-499E-8054-F51309B971FD}.Ad-Hoc|Any CPU.ActiveCfg = Release|Any CPU
		{FD68A2A0-119F-499E-8054-F51309B971FD}.Ad-Hoc|Any CPU.Build.0 = Release|Any CPU
		{FD68A2A0-119F-499E-8054-F51309B971FD}.Ad-Hoc|Any CPU.Deploy.0 = Release|Any CPU
		{FD68A2A0-119F-499E-8054-F51309B971FD}.Ad-Hoc|iPhone.ActiveCfg = Release|Any CPU
		{FD68A2A0-119F-499E-8054-F51309B971FD}.Ad-Hoc|iPhone.Build.0 = Release|Any CPU
		{FD68A2A0-119F-499E-8054-F51309B971FD}.Ad-Hoc|iPhone.Deploy.0 = Release|Any CPU
		{FD68A2A0-119F-499E-8054-F51309B971FD}.Ad-Hoc|iPhoneSimulator.ActiveCfg = Release|Any CPU
		{FD68A2A0-119F-499E-8054-F51309B971FD}.Ad-Hoc|iPhoneSimulator.Build.0 = Release|Any CPU
		{FD68A2A0-119F-499E-8054-F51309B971FD}.Ad-Hoc|iPhoneSimulator.Deploy.0 = Release|Any CPU
		{FD68A2A0-119F-499E-8054-F51309B971FD}.AppStore|Any CPU.ActiveCfg = Release|Any CPU
		{FD68A2A0-119F-499E-8054-F51309B971FD}.AppStore|Any CPU.Build.0 = Release|Any CPU
		{FD68A2A0-119F-499E-8054-F51309B971FD}.AppStore|Any CPU.Deploy.0 = Release|Any CPU
		{FD68A2A0-119F-499E-8054-F51309B971FD}.AppStore|iPhone.ActiveCfg = Release|Any CPU
		{FD68A2A0-119F-499E-8054-F51309B971FD}.AppStore|iPhone.Build.0 = Release|Any CPU
		{FD68A2A0-119F-499E-8054-F51309B971FD}.AppStore|iPhone.Deploy.0 = Release|Any CPU
		{FD68A2A0-119F-499E-8054-F51309B971FD}.AppStore|iPhoneSimulator.ActiveCfg = Release|Any CPU
		{FD68A2A0-119F-499E-8054-F51309B971FD}.AppStore|iPhoneSimulator.Build.0 = Release|Any CPU
		{FD68A2A0-119F-499E-8054-F51309B971FD}.AppStore|iPhoneSimulator.Deploy.0 = Release|Any CPU
		{FD68A2A0-119F-499E-8054-F51309B971FD}.Debug|Any CPU.ActiveCfg = Debug|Any CPU
		{FD68A2A0-119F-499E-8054-F51309B971FD}.Debug|Any CPU.Build.0 = Debug|Any CPU
		{FD68A2A0-119F-499E-8054-F51309B971FD}.Debug|Any CPU.Deploy.0 = Debug|Any CPU
		{FD68A2A0-119F-499E-8054-F51309B971FD}.Debug|iPhone.ActiveCfg = Debug|Any CPU
		{FD68A2A0-119F-499E-8054-F51309B971FD}.Debug|iPhone.Build.0 = Debug|Any CPU
		{FD68A2A0-119F-499E-8054-F51309B971FD}.Debug|iPhone.Deploy.0 = Debug|Any CPU
		{FD68A2A0-119F-499E-8054-F51309B971FD}.Debug|iPhoneSimulator.ActiveCfg = Debug|Any CPU
		{FD68A2A0-119F-499E-8054-F51309B971FD}.Debug|iPhoneSimulator.Build.0 = Debug|Any CPU
		{FD68A2A0-119F-499E-8054-F51309B971FD}.Debug|iPhoneSimulator.Deploy.0 = Debug|Any CPU
		{FD68A2A0-119F-499E-8054-F51309B971FD}.Release|Any CPU.ActiveCfg = Release|Any CPU
		{FD68A2A0-119F-499E-8054-F51309B971FD}.Release|Any CPU.Build.0 = Release|Any CPU
		{FD68A2A0-119F-499E-8054-F51309B971FD}.Release|Any CPU.Deploy.0 = Release|Any CPU
		{FD68A2A0-119F-499E-8054-F51309B971FD}.Release|iPhone.ActiveCfg = Release|Any CPU
		{FD68A2A0-119F-499E-8054-F51309B971FD}.Release|iPhone.Build.0 = Release|Any CPU
		{FD68A2A0-119F-499E-8054-F51309B971FD}.Release|iPhone.Deploy.0 = Release|Any CPU
		{FD68A2A0-119F-499E-8054-F51309B971FD}.Release|iPhoneSimulator.ActiveCfg = Release|Any CPU
		{FD68A2A0-119F-499E-8054-F51309B971FD}.Release|iPhoneSimulator.Build.0 = Release|Any CPU
		{FD68A2A0-119F-499E-8054-F51309B971FD}.Release|iPhoneSimulator.Deploy.0 = Release|Any CPU
		{CD5FCCC6-3CC4-4098-B084-0169821EAF02}.Ad-Hoc|Any CPU.ActiveCfg = Ad-Hoc|iPhone
		{CD5FCCC6-3CC4-4098-B084-0169821EAF02}.Ad-Hoc|iPhone.ActiveCfg = Ad-Hoc|iPhone
		{CD5FCCC6-3CC4-4098-B084-0169821EAF02}.Ad-Hoc|iPhone.Build.0 = Ad-Hoc|iPhone
		{CD5FCCC6-3CC4-4098-B084-0169821EAF02}.Ad-Hoc|iPhoneSimulator.ActiveCfg = Ad-Hoc|iPhoneSimulator
		{CD5FCCC6-3CC4-4098-B084-0169821EAF02}.Ad-Hoc|iPhoneSimulator.Build.0 = Ad-Hoc|iPhoneSimulator
		{CD5FCCC6-3CC4-4098-B084-0169821EAF02}.AppStore|Any CPU.ActiveCfg = AppStore|iPhone
		{CD5FCCC6-3CC4-4098-B084-0169821EAF02}.AppStore|iPhone.ActiveCfg = AppStore|iPhone
		{CD5FCCC6-3CC4-4098-B084-0169821EAF02}.AppStore|iPhone.Build.0 = AppStore|iPhone
		{CD5FCCC6-3CC4-4098-B084-0169821EAF02}.AppStore|iPhoneSimulator.ActiveCfg = AppStore|iPhoneSimulator
		{CD5FCCC6-3CC4-4098-B084-0169821EAF02}.AppStore|iPhoneSimulator.Build.0 = AppStore|iPhoneSimulator
		{CD5FCCC6-3CC4-4098-B084-0169821EAF02}.Debug|Any CPU.ActiveCfg = Debug|iPhone
		{CD5FCCC6-3CC4-4098-B084-0169821EAF02}.Debug|iPhone.ActiveCfg = Debug|iPhone
		{CD5FCCC6-3CC4-4098-B084-0169821EAF02}.Debug|iPhone.Build.0 = Debug|iPhone
		{CD5FCCC6-3CC4-4098-B084-0169821EAF02}.Debug|iPhoneSimulator.ActiveCfg = Debug|iPhoneSimulator
		{CD5FCCC6-3CC4-4098-B084-0169821EAF02}.Debug|iPhoneSimulator.Build.0 = Debug|iPhoneSimulator
		{CD5FCCC6-3CC4-4098-B084-0169821EAF02}.Release|Any CPU.ActiveCfg = Release|iPhone
		{CD5FCCC6-3CC4-4098-B084-0169821EAF02}.Release|iPhone.ActiveCfg = Release|iPhone
		{CD5FCCC6-3CC4-4098-B084-0169821EAF02}.Release|iPhone.Build.0 = Release|iPhone
		{CD5FCCC6-3CC4-4098-B084-0169821EAF02}.Release|iPhoneSimulator.ActiveCfg = Release|iPhoneSimulator
		{CD5FCCC6-3CC4-4098-B084-0169821EAF02}.Release|iPhoneSimulator.Build.0 = Release|iPhoneSimulator
	EndGlobalSection
	GlobalSection(SolutionProperties) = preSolution
		HideSolutionNode = FALSE
	EndGlobalSection
EndGlobal
