
Microsoft Visual Studio Solution File, Format Version 12.00
# Visual Studio 14
VisualStudioVersion = 14.0.25420.1
MinimumVisualStudioVersion = 10.0.40219.1
Project("{FAE04EC0-301F-11D3-BF4B-00C04F79EFBC}") = "SmartBox.Xamarin", "SmartBox.Xamarin\SmartBox.Xamarin\SmartBox.Xamarin.csproj", "{DB0F4EB6-9DB6-4352-B1B1-1C45F925E3D5}"
EndProject
Project("{FAE04EC0-301F-11D3-BF4B-00C04F79EFBC}") = "SmartBox.Xamarin.Droid", "SmartBox.Xamarin\SmartBox.Xamarin.Droid\SmartBox.Xamarin.Droid.csproj", "{A22A346B-A5AD-4A13-AED5-0795844023BB}"
EndProject
Project("{FAE04EC0-301F-11D3-BF4B-00C04F79EFBC}") = "SmartBox.Xamarin.iOS", "SmartBox.Xamarin\SmartBox.Xamarin.iOS\SmartBox.Xamarin.iOS.csproj", "{CECE71E5-A303-4D22-9789-318975F9FC7A}"
EndProject
Global
	GlobalSection(SolutionConfigurationPlatforms) = preSolution
		Ad-Hoc|Any CPU = Ad-Hoc|Any CPU
		Ad-Hoc|iPhone = Ad-Hoc|iPhone
		Ad-Hoc|iPhoneSimulator = Ad-Hoc|iPhoneSimulator
		AppStore|Any CPU = AppStore|Any CPU
		AppStore|iPhone = AppStore|iPhone
		AppStore|iPhoneSimulator = AppStore|iPhoneSimulator
		Debug|Any CPU = Debug|Any CPU
		Debug|iPhone = Debug|iPhone
		Debug|iPhoneSimulator = Debug|iPhoneSimulator
		Release|Any CPU = Release|Any CPU
		Release|iPhone = Release|iPhone
		Release|iPhoneSimulator = Release|iPhoneSimulator
	EndGlobalSection
	GlobalSection(ProjectConfigurationPlatforms) = postSolution
		{DB0F4EB6-9DB6-4352-B1B1-1C45F925E3D5}.Ad-Hoc|Any CPU.ActiveCfg = Release|Any CPU
		{DB0F4EB6-9DB6-4352-B1B1-1C45F925E3D5}.Ad-Hoc|Any CPU.Build.0 = Release|Any CPU
		{DB0F4EB6-9DB6-4352-B1B1-1C45F925E3D5}.Ad-Hoc|iPhone.ActiveCfg = Release|Any CPU
		{DB0F4EB6-9DB6-4352-B1B1-1C45F925E3D5}.Ad-Hoc|iPhone.Build.0 = Release|Any CPU
		{DB0F4EB6-9DB6-4352-B1B1-1C45F925E3D5}.Ad-Hoc|iPhoneSimulator.ActiveCfg = Release|Any CPU
		{DB0F4EB6-9DB6-4352-B1B1-1C45F925E3D5}.Ad-Hoc|iPhoneSimulator.Build.0 = Release|Any CPU
		{DB0F4EB6-9DB6-4352-B1B1-1C45F925E3D5}.AppStore|Any CPU.ActiveCfg = Release|Any CPU
		{DB0F4EB6-9DB6-4352-B1B1-1C45F925E3D5}.AppStore|Any CPU.Build.0 = Release|Any CPU
		{DB0F4EB6-9DB6-4352-B1B1-1C45F925E3D5}.AppStore|iPhone.ActiveCfg = Release|Any CPU
		{DB0F4EB6-9DB6-4352-B1B1-1C45F925E3D5}.AppStore|iPhone.Build.0 = Release|Any CPU
		{DB0F4EB6-9DB6-4352-B1B1-1C45F925E3D5}.AppStore|iPhoneSimulator.ActiveCfg = Release|Any CPU
		{DB0F4EB6-9DB6-4352-B1B1-1C45F925E3D5}.AppStore|iPhoneSimulator.Build.0 = Release|Any CPU
		{DB0F4EB6-9DB6-4352-B1B1-1C45F925E3D5}.Debug|Any CPU.ActiveCfg = Debug|Any CPU
		{DB0F4EB6-9DB6-4352-B1B1-1C45F925E3D5}.Debug|Any CPU.Build.0 = Debug|Any CPU
		{DB0F4EB6-9DB6-4352-B1B1-1C45F925E3D5}.Debug|iPhone.ActiveCfg = Debug|Any CPU
		{DB0F4EB6-9DB6-4352-B1B1-1C45F925E3D5}.Debug|iPhone.Build.0 = Debug|Any CPU
		{DB0F4EB6-9DB6-4352-B1B1-1C45F925E3D5}.Debug|iPhoneSimulator.ActiveCfg = Debug|Any CPU
		{DB0F4EB6-9DB6-4352-B1B1-1C45F925E3D5}.Debug|iPhoneSimulator.Build.0 = Debug|Any CPU
		{DB0F4EB6-9DB6-4352-B1B1-1C45F925E3D5}.Release|Any CPU.ActiveCfg = Release|Any CPU
		{DB0F4EB6-9DB6-4352-B1B1-1C45F925E3D5}.Release|Any CPU.Build.0 = Release|Any CPU
		{DB0F4EB6-9DB6-4352-B1B1-1C45F925E3D5}.Release|iPhone.ActiveCfg = Release|Any CPU
		{DB0F4EB6-9DB6-4352-B1B1-1C45F925E3D5}.Release|iPhone.Build.0 = Release|Any CPU
		{DB0F4EB6-9DB6-4352-B1B1-1C45F925E3D5}.Release|iPhoneSimulator.ActiveCfg = Release|Any CPU
		{DB0F4EB6-9DB6-4352-B1B1-1C45F925E3D5}.Release|iPhoneSimulator.Build.0 = Release|Any CPU
		{A22A346B-A5AD-4A13-AED5-0795844023BB}.Ad-Hoc|Any CPU.ActiveCfg = Release|Any CPU
		{A22A346B-A5AD-4A13-AED5-0795844023BB}.Ad-Hoc|Any CPU.Build.0 = Release|Any CPU
		{A22A346B-A5AD-4A13-AED5-0795844023BB}.Ad-Hoc|Any CPU.Deploy.0 = Release|Any CPU
		{A22A346B-A5AD-4A13-AED5-0795844023BB}.Ad-Hoc|iPhone.ActiveCfg = Release|Any CPU
		{A22A346B-A5AD-4A13-AED5-0795844023BB}.Ad-Hoc|iPhone.Build.0 = Release|Any CPU
		{A22A346B-A5AD-4A13-AED5-0795844023BB}.Ad-Hoc|iPhone.Deploy.0 = Release|Any CPU
		{A22A346B-A5AD-4A13-AED5-0795844023BB}.Ad-Hoc|iPhoneSimulator.ActiveCfg = Release|Any CPU
		{A22A346B-A5AD-4A13-AED5-0795844023BB}.Ad-Hoc|iPhoneSimulator.Build.0 = Release|Any CPU
		{A22A346B-A5AD-4A13-AED5-0795844023BB}.Ad-Hoc|iPhoneSimulator.Deploy.0 = Release|Any CPU
		{A22A346B-A5AD-4A13-AED5-0795844023BB}.AppStore|Any CPU.ActiveCfg = Release|Any CPU
		{A22A346B-A5AD-4A13-AED5-0795844023BB}.AppStore|Any CPU.Build.0 = Release|Any CPU
		{A22A346B-A5AD-4A13-AED5-0795844023BB}.AppStore|Any CPU.Deploy.0 = Release|Any CPU
		{A22A346B-A5AD-4A13-AED5-0795844023BB}.AppStore|iPhone.ActiveCfg = Release|Any CPU
		{A22A346B-A5AD-4A13-AED5-0795844023BB}.AppStore|iPhone.Build.0 = Release|Any CPU
		{A22A346B-A5AD-4A13-AED5-0795844023BB}.AppStore|iPhone.Deploy.0 = Release|Any CPU
		{A22A346B-A5AD-4A13-AED5-0795844023BB}.AppStore|iPhoneSimulator.ActiveCfg = Release|Any CPU
		{A22A346B-A5AD-4A13-AED5-0795844023BB}.AppStore|iPhoneSimulator.Build.0 = Release|Any CPU
		{A22A346B-A5AD-4A13-AED5-0795844023BB}.AppStore|iPhoneSimulator.Deploy.0 = Release|Any CPU
		{A22A346B-A5AD-4A13-AED5-0795844023BB}.Debug|Any CPU.ActiveCfg = Debug|Any CPU
		{A22A346B-A5AD-4A13-AED5-0795844023BB}.Debug|Any CPU.Build.0 = Debug|Any CPU
		{A22A346B-A5AD-4A13-AED5-0795844023BB}.Debug|Any CPU.Deploy.0 = Debug|Any CPU
		{A22A346B-A5AD-4A13-AED5-0795844023BB}.Debug|iPhone.ActiveCfg = Debug|Any CPU
		{A22A346B-A5AD-4A13-AED5-0795844023BB}.Debug|iPhone.Build.0 = Debug|Any CPU
		{A22A346B-A5AD-4A13-AED5-0795844023BB}.Debug|iPhone.Deploy.0 = Debug|Any CPU
		{A22A346B-A5AD-4A13-AED5-0795844023BB}.Debug|iPhoneSimulator.ActiveCfg = Debug|Any CPU
		{A22A346B-A5AD-4A13-AED5-0795844023BB}.Debug|iPhoneSimulator.Build.0 = Debug|Any CPU
		{A22A346B-A5AD-4A13-AED5-0795844023BB}.Debug|iPhoneSimulator.Deploy.0 = Debug|Any CPU
		{A22A346B-A5AD-4A13-AED5-0795844023BB}.Release|Any CPU.ActiveCfg = Release|Any CPU
		{A22A346B-A5AD-4A13-AED5-0795844023BB}.Release|Any CPU.Build.0 = Release|Any CPU
		{A22A346B-A5AD-4A13-AED5-0795844023BB}.Release|Any CPU.Deploy.0 = Release|Any CPU
		{A22A346B-A5AD-4A13-AED5-0795844023BB}.Release|iPhone.ActiveCfg = Release|Any CPU
		{A22A346B-A5AD-4A13-AED5-0795844023BB}.Release|iPhone.Build.0 = Release|Any CPU
		{A22A346B-A5AD-4A13-AED5-0795844023BB}.Release|iPhone.Deploy.0 = Release|Any CPU
		{A22A346B-A5AD-4A13-AED5-0795844023BB}.Release|iPhoneSimulator.ActiveCfg = Release|Any CPU
		{A22A346B-A5AD-4A13-AED5-0795844023BB}.Release|iPhoneSimulator.Build.0 = Release|Any CPU
		{A22A346B-A5AD-4A13-AED5-0795844023BB}.Release|iPhoneSimulator.Deploy.0 = Release|Any CPU
		{CECE71E5-A303-4D22-9789-318975F9FC7A}.Ad-Hoc|Any CPU.ActiveCfg = Ad-Hoc|iPhone
		{CECE71E5-A303-4D22-9789-318975F9FC7A}.Ad-Hoc|iPhone.ActiveCfg = Ad-Hoc|iPhone
		{CECE71E5-A303-4D22-9789-318975F9FC7A}.Ad-Hoc|iPhone.Build.0 = Ad-Hoc|iPhone
		{CECE71E5-A303-4D22-9789-318975F9FC7A}.Ad-Hoc|iPhoneSimulator.ActiveCfg = Ad-Hoc|iPhoneSimulator
		{CECE71E5-A303-4D22-9789-318975F9FC7A}.Ad-Hoc|iPhoneSimulator.Build.0 = Ad-Hoc|iPhoneSimulator
		{CECE71E5-A303-4D22-9789-318975F9FC7A}.AppStore|Any CPU.ActiveCfg = AppStore|iPhone
		{CECE71E5-A303-4D22-9789-318975F9FC7A}.AppStore|iPhone.ActiveCfg = AppStore|iPhone
		{CECE71E5-A303-4D22-9789-318975F9FC7A}.AppStore|iPhone.Build.0 = AppStore|iPhone
		{CECE71E5-A303-4D22-9789-318975F9FC7A}.AppStore|iPhoneSimulator.ActiveCfg = AppStore|iPhoneSimulator
		{CECE71E5-A303-4D22-9789-318975F9FC7A}.AppStore|iPhoneSimulator.Build.0 = AppStore|iPhoneSimulator
		{CECE71E5-A303-4D22-9789-318975F9FC7A}.Debug|Any CPU.ActiveCfg = Debug|iPhone
		{CECE71E5-A303-4D22-9789-318975F9FC7A}.Debug|iPhone.ActiveCfg = Debug|iPhone
		{CECE71E5-A303-4D22-9789-318975F9FC7A}.Debug|iPhone.Build.0 = Debug|iPhone
		{CECE71E5-A303-4D22-9789-318975F9FC7A}.Debug|iPhoneSimulator.ActiveCfg = Debug|iPhoneSimulator
		{CECE71E5-A303-4D22-9789-318975F9FC7A}.Debug|iPhoneSimulator.Build.0 = Debug|iPhoneSimulator
		{CECE71E5-A303-4D22-9789-318975F9FC7A}.Release|Any CPU.ActiveCfg = Release|iPhone
		{CECE71E5-A303-4D22-9789-318975F9FC7A}.Release|iPhone.ActiveCfg = Release|iPhone
		{CECE71E5-A303-4D22-9789-318975F9FC7A}.Release|iPhone.Build.0 = Release|iPhone
		{CECE71E5-A303-4D22-9789-318975F9FC7A}.Release|iPhoneSimulator.ActiveCfg = Release|iPhoneSimulator
		{CECE71E5-A303-4D22-9789-318975F9FC7A}.Release|iPhoneSimulator.Build.0 = Release|iPhoneSimulator
	EndGlobalSection
	GlobalSection(SolutionProperties) = preSolution
		HideSolutionNode = FALSE
	EndGlobalSection
EndGlobal
