
Microsoft Visual Studio Solution File, Format Version 12.00
# Visual Studio 14
VisualStudioVersion = 14.0.25420.1
MinimumVisualStudioVersion = 10.0.40219.1
Project("{FAE04EC0-301F-11D3-BF4B-00C04F79EFBC}") = "SmartBox", "SmartBox\SmartBox\SmartBox.csproj", "{EB3E0EE2-57A9-4A52-992A-321F414D4B21}"
EndProject
Project("{FAE04EC0-301F-11D3-BF4B-00C04F79EFBC}") = "SmartBox.Droid", "SmartBox\SmartBox.Droid\SmartBox.Droid.csproj", "{A3E8554C-7E5C-4139-B9EC-108592B97495}"
EndProject
Project("{FAE04EC0-301F-11D3-BF4B-00C04F79EFBC}") = "SmartBox.iOS", "SmartBox\SmartBox.iOS\SmartBox.iOS.csproj", "{F78CAB49-C417-4B8D-A382-003767495197}"
EndProject
Project("{FAE04EC0-301F-11D3-BF4B-00C04F79EFBC}") = "SmartBox.WinPhone", "SmartBox\SmartBox.WinPhone\SmartBox.WinPhone.csproj", "{03F12645-A86E-4E9D-AD1C-741428432817}"
EndProject
Project("{FAE04EC0-301F-11D3-BF4B-00C04F79EFBC}") = "SmartBox.UWP", "SmartBox\SmartBox.UWP\SmartBox.UWP.csproj", "{27CCB529-7500-46AB-B463-C92FA15EEF26}"
EndProject
Project("{FAE04EC0-301F-11D3-BF4B-00C04F79EFBC}") = "SmartBox.Windows", "SmartBox\SmartBox.Windows\SmartBox.Windows.csproj", "{FD7DCC4D-BB2B-4E60-BEC2-BFDEE30EEB53}"
EndProject
Global
	GlobalSection(SolutionConfigurationPlatforms) = preSolution
		Ad-Hoc|Any CPU = Ad-Hoc|Any CPU
		Ad-Hoc|ARM = Ad-Hoc|ARM
		Ad-Hoc|iPhone = Ad-Hoc|iPhone
		Ad-Hoc|iPhoneSimulator = Ad-Hoc|iPhoneSimulator
		Ad-Hoc|x64 = Ad-Hoc|x64
		Ad-Hoc|x86 = Ad-Hoc|x86
		AppStore|Any CPU = AppStore|Any CPU
		AppStore|ARM = AppStore|ARM
		AppStore|iPhone = AppStore|iPhone
		AppStore|iPhoneSimulator = AppStore|iPhoneSimulator
		AppStore|x64 = AppStore|x64
		AppStore|x86 = AppStore|x86
		Debug|Any CPU = Debug|Any CPU
		Debug|ARM = Debug|ARM
		Debug|iPhone = Debug|iPhone
		Debug|iPhoneSimulator = Debug|iPhoneSimulator
		Debug|x64 = Debug|x64
		Debug|x86 = Debug|x86
		Release|Any CPU = Release|Any CPU
		Release|ARM = Release|ARM
		Release|iPhone = Release|iPhone
		Release|iPhoneSimulator = Release|iPhoneSimulator
		Release|x64 = Release|x64
		Release|x86 = Release|x86
	EndGlobalSection
	GlobalSection(ProjectConfigurationPlatforms) = postSolution
		{EB3E0EE2-57A9-4A52-992A-321F414D4B21}.Ad-Hoc|Any CPU.ActiveCfg = Release|Any CPU
		{EB3E0EE2-57A9-4A52-992A-321F414D4B21}.Ad-Hoc|Any CPU.Build.0 = Release|Any CPU
		{EB3E0EE2-57A9-4A52-992A-321F414D4B21}.Ad-Hoc|ARM.ActiveCfg = Release|Any CPU
		{EB3E0EE2-57A9-4A52-992A-321F414D4B21}.Ad-Hoc|ARM.Build.0 = Release|Any CPU
		{EB3E0EE2-57A9-4A52-992A-321F414D4B21}.Ad-Hoc|iPhone.ActiveCfg = Release|Any CPU
		{EB3E0EE2-57A9-4A52-992A-321F414D4B21}.Ad-Hoc|iPhone.Build.0 = Release|Any CPU
		{EB3E0EE2-57A9-4A52-992A-321F414D4B21}.Ad-Hoc|iPhoneSimulator.ActiveCfg = Release|Any CPU
		{EB3E0EE2-57A9-4A52-992A-321F414D4B21}.Ad-Hoc|iPhoneSimulator.Build.0 = Release|Any CPU
		{EB3E0EE2-57A9-4A52-992A-321F414D4B21}.Ad-Hoc|x64.ActiveCfg = Release|Any CPU
		{EB3E0EE2-57A9-4A52-992A-321F414D4B21}.Ad-Hoc|x64.Build.0 = Release|Any CPU
		{EB3E0EE2-57A9-4A52-992A-321F414D4B21}.Ad-Hoc|x86.ActiveCfg = Release|Any CPU
		{EB3E0EE2-57A9-4A52-992A-321F414D4B21}.Ad-Hoc|x86.Build.0 = Release|Any CPU
		{EB3E0EE2-57A9-4A52-992A-321F414D4B21}.AppStore|Any CPU.ActiveCfg = Release|Any CPU
		{EB3E0EE2-57A9-4A52-992A-321F414D4B21}.AppStore|Any CPU.Build.0 = Release|Any CPU
		{EB3E0EE2-57A9-4A52-992A-321F414D4B21}.AppStore|ARM.ActiveCfg = Release|Any CPU
		{EB3E0EE2-57A9-4A52-992A-321F414D4B21}.AppStore|ARM.Build.0 = Release|Any CPU
		{EB3E0EE2-57A9-4A52-992A-321F414D4B21}.AppStore|iPhone.ActiveCfg = Release|Any CPU
		{EB3E0EE2-57A9-4A52-992A-321F414D4B21}.AppStore|iPhone.Build.0 = Release|Any CPU
		{EB3E0EE2-57A9-4A52-992A-321F414D4B21}.AppStore|iPhoneSimulator.ActiveCfg = Release|Any CPU
		{EB3E0EE2-57A9-4A52-992A-321F414D4B21}.AppStore|iPhoneSimulator.Build.0 = Release|Any CPU
		{EB3E0EE2-57A9-4A52-992A-321F414D4B21}.AppStore|x64.ActiveCfg = Release|Any CPU
		{EB3E0EE2-57A9-4A52-992A-321F414D4B21}.AppStore|x64.Build.0 = Release|Any CPU
		{EB3E0EE2-57A9-4A52-992A-321F414D4B21}.AppStore|x86.ActiveCfg = Release|Any CPU
		{EB3E0EE2-57A9-4A52-992A-321F414D4B21}.AppStore|x86.Build.0 = Release|Any CPU
		{EB3E0EE2-57A9-4A52-992A-321F414D4B21}.Debug|Any CPU.ActiveCfg = Debug|Any CPU
		{EB3E0EE2-57A9-4A52-992A-321F414D4B21}.Debug|Any CPU.Build.0 = Debug|Any CPU
		{EB3E0EE2-57A9-4A52-992A-321F414D4B21}.Debug|ARM.ActiveCfg = Debug|Any CPU
		{EB3E0EE2-57A9-4A52-992A-321F414D4B21}.Debug|ARM.Build.0 = Debug|Any CPU
		{EB3E0EE2-57A9-4A52-992A-321F414D4B21}.Debug|iPhone.ActiveCfg = Debug|Any CPU
		{EB3E0EE2-57A9-4A52-992A-321F414D4B21}.Debug|iPhone.Build.0 = Debug|Any CPU
		{EB3E0EE2-57A9-4A52-992A-321F414D4B21}.Debug|iPhoneSimulator.ActiveCfg = Debug|Any CPU
		{EB3E0EE2-57A9-4A52-992A-321F414D4B21}.Debug|iPhoneSimulator.Build.0 = Debug|Any CPU
		{EB3E0EE2-57A9-4A52-992A-321F414D4B21}.Debug|x64.ActiveCfg = Debug|Any CPU
		{EB3E0EE2-57A9-4A52-992A-321F414D4B21}.Debug|x64.Build.0 = Debug|Any CPU
		{EB3E0EE2-57A9-4A52-992A-321F414D4B21}.Debug|x86.ActiveCfg = Debug|Any CPU
		{EB3E0EE2-57A9-4A52-992A-321F414D4B21}.Debug|x86.Build.0 = Debug|Any CPU
		{EB3E0EE2-57A9-4A52-992A-321F414D4B21}.Release|Any CPU.ActiveCfg = Release|Any CPU
		{EB3E0EE2-57A9-4A52-992A-321F414D4B21}.Release|Any CPU.Build.0 = Release|Any CPU
		{EB3E0EE2-57A9-4A52-992A-321F414D4B21}.Release|ARM.ActiveCfg = Release|Any CPU
		{EB3E0EE2-57A9-4A52-992A-321F414D4B21}.Release|ARM.Build.0 = Release|Any CPU
		{EB3E0EE2-57A9-4A52-992A-321F414D4B21}.Release|iPhone.ActiveCfg = Release|Any CPU
		{EB3E0EE2-57A9-4A52-992A-321F414D4B21}.Release|iPhone.Build.0 = Release|Any CPU
		{EB3E0EE2-57A9-4A52-992A-321F414D4B21}.Release|iPhoneSimulator.ActiveCfg = Release|Any CPU
		{EB3E0EE2-57A9-4A52-992A-321F414D4B21}.Release|iPhoneSimulator.Build.0 = Release|Any CPU
		{EB3E0EE2-57A9-4A52-992A-321F414D4B21}.Release|x64.ActiveCfg = Release|Any CPU
		{EB3E0EE2-57A9-4A52-992A-321F414D4B21}.Release|x64.Build.0 = Release|Any CPU
		{EB3E0EE2-57A9-4A52-992A-321F414D4B21}.Release|x86.ActiveCfg = Release|Any CPU
		{EB3E0EE2-57A9-4A52-992A-321F414D4B21}.Release|x86.Build.0 = Release|Any CPU
		{A3E8554C-7E5C-4139-B9EC-108592B97495}.Ad-Hoc|Any CPU.ActiveCfg = Release|Any CPU
		{A3E8554C-7E5C-4139-B9EC-108592B97495}.Ad-Hoc|Any CPU.Build.0 = Release|Any CPU
		{A3E8554C-7E5C-4139-B9EC-108592B97495}.Ad-Hoc|Any CPU.Deploy.0 = Release|Any CPU
		{A3E8554C-7E5C-4139-B9EC-108592B97495}.Ad-Hoc|ARM.ActiveCfg = Release|Any CPU
		{A3E8554C-7E5C-4139-B9EC-108592B97495}.Ad-Hoc|ARM.Build.0 = Release|Any CPU
		{A3E8554C-7E5C-4139-B9EC-108592B97495}.Ad-Hoc|ARM.Deploy.0 = Release|Any CPU
		{A3E8554C-7E5C-4139-B9EC-108592B97495}.Ad-Hoc|iPhone.ActiveCfg = Release|Any CPU
		{A3E8554C-7E5C-4139-B9EC-108592B97495}.Ad-Hoc|iPhone.Build.0 = Release|Any CPU
		{A3E8554C-7E5C-4139-B9EC-108592B97495}.Ad-Hoc|iPhone.Deploy.0 = Release|Any CPU
		{A3E8554C-7E5C-4139-B9EC-108592B97495}.Ad-Hoc|iPhoneSimulator.ActiveCfg = Release|Any CPU
		{A3E8554C-7E5C-4139-B9EC-108592B97495}.Ad-Hoc|iPhoneSimulator.Build.0 = Release|Any CPU
		{A3E8554C-7E5C-4139-B9EC-108592B97495}.Ad-Hoc|iPhoneSimulator.Deploy.0 = Release|Any CPU
		{A3E8554C-7E5C-4139-B9EC-108592B97495}.Ad-Hoc|x64.ActiveCfg = Release|Any CPU
		{A3E8554C-7E5C-4139-B9EC-108592B97495}.Ad-Hoc|x64.Build.0 = Release|Any CPU
		{A3E8554C-7E5C-4139-B9EC-108592B97495}.Ad-Hoc|x64.Deploy.0 = Release|Any CPU
		{A3E8554C-7E5C-4139-B9EC-108592B97495}.Ad-Hoc|x86.ActiveCfg = Release|Any CPU
		{A3E8554C-7E5C-4139-B9EC-108592B97495}.Ad-Hoc|x86.Build.0 = Release|Any CPU
		{A3E8554C-7E5C-4139-B9EC-108592B97495}.Ad-Hoc|x86.Deploy.0 = Release|Any CPU
		{A3E8554C-7E5C-4139-B9EC-108592B97495}.AppStore|Any CPU.ActiveCfg = Release|Any CPU
		{A3E8554C-7E5C-4139-B9EC-108592B97495}.AppStore|Any CPU.Build.0 = Release|Any CPU
		{A3E8554C-7E5C-4139-B9EC-108592B97495}.AppStore|Any CPU.Deploy.0 = Release|Any CPU
		{A3E8554C-7E5C-4139-B9EC-108592B97495}.AppStore|ARM.ActiveCfg = Release|Any CPU
		{A3E8554C-7E5C-4139-B9EC-108592B97495}.AppStore|ARM.Build.0 = Release|Any CPU
		{A3E8554C-7E5C-4139-B9EC-108592B97495}.AppStore|ARM.Deploy.0 = Release|Any CPU
		{A3E8554C-7E5C-4139-B9EC-108592B97495}.AppStore|iPhone.ActiveCfg = Release|Any CPU
		{A3E8554C-7E5C-4139-B9EC-108592B97495}.AppStore|iPhone.Build.0 = Release|Any CPU
		{A3E8554C-7E5C-4139-B9EC-108592B97495}.AppStore|iPhone.Deploy.0 = Release|Any CPU
		{A3E8554C-7E5C-4139-B9EC-108592B97495}.AppStore|iPhoneSimulator.ActiveCfg = Release|Any CPU
		{A3E8554C-7E5C-4139-B9EC-108592B97495}.AppStore|iPhoneSimulator.Build.0 = Release|Any CPU
		{A3E8554C-7E5C-4139-B9EC-108592B97495}.AppStore|iPhoneSimulator.Deploy.0 = Release|Any CPU
		{A3E8554C-7E5C-4139-B9EC-108592B97495}.AppStore|x64.ActiveCfg = Release|Any CPU
		{A3E8554C-7E5C-4139-B9EC-108592B97495}.AppStore|x64.Build.0 = Release|Any CPU
		{A3E8554C-7E5C-4139-B9EC-108592B97495}.AppStore|x64.Deploy.0 = Release|Any CPU
		{A3E8554C-7E5C-4139-B9EC-108592B97495}.AppStore|x86.ActiveCfg = Release|Any CPU
		{A3E8554C-7E5C-4139-B9EC-108592B97495}.AppStore|x86.Build.0 = Release|Any CPU
		{A3E8554C-7E5C-4139-B9EC-108592B97495}.AppStore|x86.Deploy.0 = Release|Any CPU
		{A3E8554C-7E5C-4139-B9EC-108592B97495}.Debug|Any CPU.ActiveCfg = Debug|Any CPU
		{A3E8554C-7E5C-4139-B9EC-108592B97495}.Debug|Any CPU.Build.0 = Debug|Any CPU
		{A3E8554C-7E5C-4139-B9EC-108592B97495}.Debug|Any CPU.Deploy.0 = Debug|Any CPU
		{A3E8554C-7E5C-4139-B9EC-108592B97495}.Debug|ARM.ActiveCfg = Debug|Any CPU
		{A3E8554C-7E5C-4139-B9EC-108592B97495}.Debug|ARM.Build.0 = Debug|Any CPU
		{A3E8554C-7E5C-4139-B9EC-108592B97495}.Debug|ARM.Deploy.0 = Debug|Any CPU
		{A3E8554C-7E5C-4139-B9EC-108592B97495}.Debug|iPhone.ActiveCfg = Debug|Any CPU
		{A3E8554C-7E5C-4139-B9EC-108592B97495}.Debug|iPhone.Build.0 = Debug|Any CPU
		{A3E8554C-7E5C-4139-B9EC-108592B97495}.Debug|iPhone.Deploy.0 = Debug|Any CPU
		{A3E8554C-7E5C-4139-B9EC-108592B97495}.Debug|iPhoneSimulator.ActiveCfg = Debug|Any CPU
		{A3E8554C-7E5C-4139-B9EC-108592B97495}.Debug|iPhoneSimulator.Build.0 = Debug|Any CPU
		{A3E8554C-7E5C-4139-B9EC-108592B97495}.Debug|iPhoneSimulator.Deploy.0 = Debug|Any CPU
		{A3E8554C-7E5C-4139-B9EC-108592B97495}.Debug|x64.ActiveCfg = Debug|Any CPU
		{A3E8554C-7E5C-4139-B9EC-108592B97495}.Debug|x64.Build.0 = Debug|Any CPU
		{A3E8554C-7E5C-4139-B9EC-108592B97495}.Debug|x64.Deploy.0 = Debug|Any CPU
		{A3E8554C-7E5C-4139-B9EC-108592B97495}.Debug|x86.ActiveCfg = Debug|Any CPU
		{A3E8554C-7E5C-4139-B9EC-108592B97495}.Debug|x86.Build.0 = Debug|Any CPU
		{A3E8554C-7E5C-4139-B9EC-108592B97495}.Debug|x86.Deploy.0 = Debug|Any CPU
		{A3E8554C-7E5C-4139-B9EC-108592B97495}.Release|Any CPU.ActiveCfg = Release|Any CPU
		{A3E8554C-7E5C-4139-B9EC-108592B97495}.Release|Any CPU.Build.0 = Release|Any CPU
		{A3E8554C-7E5C-4139-B9EC-108592B97495}.Release|Any CPU.Deploy.0 = Release|Any CPU
		{A3E8554C-7E5C-4139-B9EC-108592B97495}.Release|ARM.ActiveCfg = Release|Any CPU
		{A3E8554C-7E5C-4139-B9EC-108592B97495}.Release|ARM.Build.0 = Release|Any CPU
		{A3E8554C-7E5C-4139-B9EC-108592B97495}.Release|ARM.Deploy.0 = Release|Any CPU
		{A3E8554C-7E5C-4139-B9EC-108592B97495}.Release|iPhone.ActiveCfg = Release|Any CPU
		{A3E8554C-7E5C-4139-B9EC-108592B97495}.Release|iPhone.Build.0 = Release|Any CPU
		{A3E8554C-7E5C-4139-B9EC-108592B97495}.Release|iPhone.Deploy.0 = Release|Any CPU
		{A3E8554C-7E5C-4139-B9EC-108592B97495}.Release|iPhoneSimulator.ActiveCfg = Release|Any CPU
		{A3E8554C-7E5C-4139-B9EC-108592B97495}.Release|iPhoneSimulator.Build.0 = Release|Any CPU
		{A3E8554C-7E5C-4139-B9EC-108592B97495}.Release|iPhoneSimulator.Deploy.0 = Release|Any CPU
		{A3E8554C-7E5C-4139-B9EC-108592B97495}.Release|x64.ActiveCfg = Release|Any CPU
		{A3E8554C-7E5C-4139-B9EC-108592B97495}.Release|x64.Build.0 = Release|Any CPU
		{A3E8554C-7E5C-4139-B9EC-108592B97495}.Release|x64.Deploy.0 = Release|Any CPU
		{A3E8554C-7E5C-4139-B9EC-108592B97495}.Release|x86.ActiveCfg = Release|Any CPU
		{A3E8554C-7E5C-4139-B9EC-108592B97495}.Release|x86.Build.0 = Release|Any CPU
		{A3E8554C-7E5C-4139-B9EC-108592B97495}.Release|x86.Deploy.0 = Release|Any CPU
		{F78CAB49-C417-4B8D-A382-003767495197}.Ad-Hoc|Any CPU.ActiveCfg = Ad-Hoc|iPhone
		{F78CAB49-C417-4B8D-A382-003767495197}.Ad-Hoc|ARM.ActiveCfg = Ad-Hoc|iPhone
		{F78CAB49-C417-4B8D-A382-003767495197}.Ad-Hoc|iPhone.ActiveCfg = Ad-Hoc|iPhone
		{F78CAB49-C417-4B8D-A382-003767495197}.Ad-Hoc|iPhone.Build.0 = Ad-Hoc|iPhone
		{F78CAB49-C417-4B8D-A382-003767495197}.Ad-Hoc|iPhoneSimulator.ActiveCfg = Ad-Hoc|iPhoneSimulator
		{F78CAB49-C417-4B8D-A382-003767495197}.Ad-Hoc|iPhoneSimulator.Build.0 = Ad-Hoc|iPhoneSimulator
		{F78CAB49-C417-4B8D-A382-003767495197}.Ad-Hoc|x64.ActiveCfg = Ad-Hoc|iPhone
		{F78CAB49-C417-4B8D-A382-003767495197}.Ad-Hoc|x86.ActiveCfg = Ad-Hoc|iPhone
		{F78CAB49-C417-4B8D-A382-003767495197}.AppStore|Any CPU.ActiveCfg = AppStore|iPhone
		{F78CAB49-C417-4B8D-A382-003767495197}.AppStore|ARM.ActiveCfg = AppStore|iPhone
		{F78CAB49-C417-4B8D-A382-003767495197}.AppStore|iPhone.ActiveCfg = AppStore|iPhone
		{F78CAB49-C417-4B8D-A382-003767495197}.AppStore|iPhone.Build.0 = AppStore|iPhone
		{F78CAB49-C417-4B8D-A382-003767495197}.AppStore|iPhoneSimulator.ActiveCfg = AppStore|iPhoneSimulator
		{F78CAB49-C417-4B8D-A382-003767495197}.AppStore|iPhoneSimulator.Build.0 = AppStore|iPhoneSimulator
		{F78CAB49-C417-4B8D-A382-003767495197}.AppStore|x64.ActiveCfg = AppStore|iPhone
		{F78CAB49-C417-4B8D-A382-003767495197}.AppStore|x86.ActiveCfg = AppStore|iPhone
		{F78CAB49-C417-4B8D-A382-003767495197}.Debug|Any CPU.ActiveCfg = Debug|iPhone
		{F78CAB49-C417-4B8D-A382-003767495197}.Debug|ARM.ActiveCfg = Debug|iPhone
		{F78CAB49-C417-4B8D-A382-003767495197}.Debug|iPhone.ActiveCfg = Debug|iPhone
		{F78CAB49-C417-4B8D-A382-003767495197}.Debug|iPhone.Build.0 = Debug|iPhone
		{F78CAB49-C417-4B8D-A382-003767495197}.Debug|iPhoneSimulator.ActiveCfg = Debug|iPhoneSimulator
		{F78CAB49-C417-4B8D-A382-003767495197}.Debug|iPhoneSimulator.Build.0 = Debug|iPhoneSimulator
		{F78CAB49-C417-4B8D-A382-003767495197}.Debug|x64.ActiveCfg = Debug|iPhone
		{F78CAB49-C417-4B8D-A382-003767495197}.Debug|x86.ActiveCfg = Debug|iPhone
		{F78CAB49-C417-4B8D-A382-003767495197}.Release|Any CPU.ActiveCfg = Release|iPhone
		{F78CAB49-C417-4B8D-A382-003767495197}.Release|ARM.ActiveCfg = Release|iPhone
		{F78CAB49-C417-4B8D-A382-003767495197}.Release|iPhone.ActiveCfg = Release|iPhone
		{F78CAB49-C417-4B8D-A382-003767495197}.Release|iPhone.Build.0 = Release|iPhone
		{F78CAB49-C417-4B8D-A382-003767495197}.Release|iPhoneSimulator.ActiveCfg = Release|iPhoneSimulator
		{F78CAB49-C417-4B8D-A382-003767495197}.Release|iPhoneSimulator.Build.0 = Release|iPhoneSimulator
		{F78CAB49-C417-4B8D-A382-003767495197}.Release|x64.ActiveCfg = Release|iPhone
		{F78CAB49-C417-4B8D-A382-003767495197}.Release|x86.ActiveCfg = Release|iPhone
		{03F12645-A86E-4E9D-AD1C-741428432817}.Ad-Hoc|Any CPU.ActiveCfg = Release|Any CPU
		{03F12645-A86E-4E9D-AD1C-741428432817}.Ad-Hoc|Any CPU.Build.0 = Release|Any CPU
		{03F12645-A86E-4E9D-AD1C-741428432817}.Ad-Hoc|Any CPU.Deploy.0 = Release|Any CPU
		{03F12645-A86E-4E9D-AD1C-741428432817}.Ad-Hoc|ARM.ActiveCfg = Release|ARM
		{03F12645-A86E-4E9D-AD1C-741428432817}.Ad-Hoc|ARM.Build.0 = Release|ARM
		{03F12645-A86E-4E9D-AD1C-741428432817}.Ad-Hoc|ARM.Deploy.0 = Release|ARM
		{03F12645-A86E-4E9D-AD1C-741428432817}.Ad-Hoc|iPhone.ActiveCfg = Release|Any CPU
		{03F12645-A86E-4E9D-AD1C-741428432817}.Ad-Hoc|iPhone.Build.0 = Release|Any CPU
		{03F12645-A86E-4E9D-AD1C-741428432817}.Ad-Hoc|iPhone.Deploy.0 = Release|Any CPU
		{03F12645-A86E-4E9D-AD1C-741428432817}.Ad-Hoc|iPhoneSimulator.ActiveCfg = Release|Any CPU
		{03F12645-A86E-4E9D-AD1C-741428432817}.Ad-Hoc|iPhoneSimulator.Build.0 = Release|Any CPU
		{03F12645-A86E-4E9D-AD1C-741428432817}.Ad-Hoc|iPhoneSimulator.Deploy.0 = Release|Any CPU
		{03F12645-A86E-4E9D-AD1C-741428432817}.Ad-Hoc|x64.ActiveCfg = Release|Any CPU
		{03F12645-A86E-4E9D-AD1C-741428432817}.Ad-Hoc|x64.Build.0 = Release|Any CPU
		{03F12645-A86E-4E9D-AD1C-741428432817}.Ad-Hoc|x64.Deploy.0 = Release|Any CPU
		{03F12645-A86E-4E9D-AD1C-741428432817}.Ad-Hoc|x86.ActiveCfg = Release|x86
		{03F12645-A86E-4E9D-AD1C-741428432817}.Ad-Hoc|x86.Build.0 = Release|x86
		{03F12645-A86E-4E9D-AD1C-741428432817}.Ad-Hoc|x86.Deploy.0 = Release|x86
		{03F12645-A86E-4E9D-AD1C-741428432817}.AppStore|Any CPU.ActiveCfg = Release|Any CPU
		{03F12645-A86E-4E9D-AD1C-741428432817}.AppStore|Any CPU.Build.0 = Release|Any CPU
		{03F12645-A86E-4E9D-AD1C-741428432817}.AppStore|Any CPU.Deploy.0 = Release|Any CPU
		{03F12645-A86E-4E9D-AD1C-741428432817}.AppStore|ARM.ActiveCfg = Release|ARM
		{03F12645-A86E-4E9D-AD1C-741428432817}.AppStore|ARM.Build.0 = Release|ARM
		{03F12645-A86E-4E9D-AD1C-741428432817}.AppStore|ARM.Deploy.0 = Release|ARM
		{03F12645-A86E-4E9D-AD1C-741428432817}.AppStore|iPhone.ActiveCfg = Release|Any CPU
		{03F12645-A86E-4E9D-AD1C-741428432817}.AppStore|iPhone.Build.0 = Release|Any CPU
		{03F12645-A86E-4E9D-AD1C-741428432817}.AppStore|iPhone.Deploy.0 = Release|Any CPU
		{03F12645-A86E-4E9D-AD1C-741428432817}.AppStore|iPhoneSimulator.ActiveCfg = Release|Any CPU
		{03F12645-A86E-4E9D-AD1C-741428432817}.AppStore|iPhoneSimulator.Build.0 = Release|Any CPU
		{03F12645-A86E-4E9D-AD1C-741428432817}.AppStore|iPhoneSimulator.Deploy.0 = Release|Any CPU
		{03F12645-A86E-4E9D-AD1C-741428432817}.AppStore|x64.ActiveCfg = Release|Any CPU
		{03F12645-A86E-4E9D-AD1C-741428432817}.AppStore|x64.Build.0 = Release|Any CPU
		{03F12645-A86E-4E9D-AD1C-741428432817}.AppStore|x64.Deploy.0 = Release|Any CPU
		{03F12645-A86E-4E9D-AD1C-741428432817}.AppStore|x86.ActiveCfg = Release|x86
		{03F12645-A86E-4E9D-AD1C-741428432817}.AppStore|x86.Build.0 = Release|x86
		{03F12645-A86E-4E9D-AD1C-741428432817}.AppStore|x86.Deploy.0 = Release|x86
		{03F12645-A86E-4E9D-AD1C-741428432817}.Debug|Any CPU.ActiveCfg = Debug|Any CPU
		{03F12645-A86E-4E9D-AD1C-741428432817}.Debug|Any CPU.Build.0 = Debug|Any CPU
		{03F12645-A86E-4E9D-AD1C-741428432817}.Debug|Any CPU.Deploy.0 = Debug|Any CPU
		{03F12645-A86E-4E9D-AD1C-741428432817}.Debug|ARM.ActiveCfg = Debug|ARM
		{03F12645-A86E-4E9D-AD1C-741428432817}.Debug|ARM.Build.0 = Debug|ARM
		{03F12645-A86E-4E9D-AD1C-741428432817}.Debug|ARM.Deploy.0 = Debug|ARM
		{03F12645-A86E-4E9D-AD1C-741428432817}.Debug|iPhone.ActiveCfg = Debug|Any CPU
		{03F12645-A86E-4E9D-AD1C-741428432817}.Debug|iPhone.Build.0 = Debug|Any CPU
		{03F12645-A86E-4E9D-AD1C-741428432817}.Debug|iPhone.Deploy.0 = Debug|Any CPU
		{03F12645-A86E-4E9D-AD1C-741428432817}.Debug|iPhoneSimulator.ActiveCfg = Debug|Any CPU
		{03F12645-A86E-4E9D-AD1C-741428432817}.Debug|iPhoneSimulator.Build.0 = Debug|Any CPU
		{03F12645-A86E-4E9D-AD1C-741428432817}.Debug|iPhoneSimulator.Deploy.0 = Debug|Any CPU
		{03F12645-A86E-4E9D-AD1C-741428432817}.Debug|x64.ActiveCfg = Debug|Any CPU
		{03F12645-A86E-4E9D-AD1C-741428432817}.Debug|x64.Build.0 = Debug|Any CPU
		{03F12645-A86E-4E9D-AD1C-741428432817}.Debug|x64.Deploy.0 = Debug|Any CPU
		{03F12645-A86E-4E9D-AD1C-741428432817}.Debug|x86.ActiveCfg = Debug|x86
		{03F12645-A86E-4E9D-AD1C-741428432817}.Debug|x86.Build.0 = Debug|x86
		{03F12645-A86E-4E9D-AD1C-741428432817}.Debug|x86.Deploy.0 = Debug|x86
		{03F12645-A86E-4E9D-AD1C-741428432817}.Release|Any CPU.ActiveCfg = Release|Any CPU
		{03F12645-A86E-4E9D-AD1C-741428432817}.Release|Any CPU.Build.0 = Release|Any CPU
		{03F12645-A86E-4E9D-AD1C-741428432817}.Release|Any CPU.Deploy.0 = Release|Any CPU
		{03F12645-A86E-4E9D-AD1C-741428432817}.Release|ARM.ActiveCfg = Release|ARM
		{03F12645-A86E-4E9D-AD1C-741428432817}.Release|ARM.Build.0 = Release|ARM
		{03F12645-A86E-4E9D-AD1C-741428432817}.Release|ARM.Deploy.0 = Release|ARM
		{03F12645-A86E-4E9D-AD1C-741428432817}.Release|iPhone.ActiveCfg = Release|Any CPU
		{03F12645-A86E-4E9D-AD1C-741428432817}.Release|iPhone.Build.0 = Release|Any CPU
		{03F12645-A86E-4E9D-AD1C-741428432817}.Release|iPhone.Deploy.0 = Release|Any CPU
		{03F12645-A86E-4E9D-AD1C-741428432817}.Release|iPhoneSimulator.ActiveCfg = Release|Any CPU
		{03F12645-A86E-4E9D-AD1C-741428432817}.Release|iPhoneSimulator.Build.0 = Release|Any CPU
		{03F12645-A86E-4E9D-AD1C-741428432817}.Release|iPhoneSimulator.Deploy.0 = Release|Any CPU
		{03F12645-A86E-4E9D-AD1C-741428432817}.Release|x64.ActiveCfg = Release|Any CPU
		{03F12645-A86E-4E9D-AD1C-741428432817}.Release|x64.Build.0 = Release|Any CPU
		{03F12645-A86E-4E9D-AD1C-741428432817}.Release|x64.Deploy.0 = Release|Any CPU
		{03F12645-A86E-4E9D-AD1C-741428432817}.Release|x86.ActiveCfg = Release|x86
		{03F12645-A86E-4E9D-AD1C-741428432817}.Release|x86.Build.0 = Release|x86
		{03F12645-A86E-4E9D-AD1C-741428432817}.Release|x86.Deploy.0 = Release|x86
		{27CCB529-7500-46AB-B463-C92FA15EEF26}.Ad-Hoc|Any CPU.ActiveCfg = Release|x86
		{27CCB529-7500-46AB-B463-C92FA15EEF26}.Ad-Hoc|Any CPU.Build.0 = Release|x86
		{27CCB529-7500-46AB-B463-C92FA15EEF26}.Ad-Hoc|Any CPU.Deploy.0 = Release|x86
		{27CCB529-7500-46AB-B463-C92FA15EEF26}.Ad-Hoc|ARM.ActiveCfg = Release|ARM
		{27CCB529-7500-46AB-B463-C92FA15EEF26}.Ad-Hoc|ARM.Build.0 = Release|ARM
		{27CCB529-7500-46AB-B463-C92FA15EEF26}.Ad-Hoc|ARM.Deploy.0 = Release|ARM
		{27CCB529-7500-46AB-B463-C92FA15EEF26}.Ad-Hoc|iPhone.ActiveCfg = Release|x86
		{27CCB529-7500-46AB-B463-C92FA15EEF26}.Ad-Hoc|iPhone.Build.0 = Release|x86
		{27CCB529-7500-46AB-B463-C92FA15EEF26}.Ad-Hoc|iPhone.Deploy.0 = Release|x86
		{27CCB529-7500-46AB-B463-C92FA15EEF26}.Ad-Hoc|iPhoneSimulator.ActiveCfg = Release|x86
		{27CCB529-7500-46AB-B463-C92FA15EEF26}.Ad-Hoc|iPhoneSimulator.Build.0 = Release|x86
		{27CCB529-7500-46AB-B463-C92FA15EEF26}.Ad-Hoc|iPhoneSimulator.Deploy.0 = Release|x86
		{27CCB529-7500-46AB-B463-C92FA15EEF26}.Ad-Hoc|x64.ActiveCfg = Release|x64
		{27CCB529-7500-46AB-B463-C92FA15EEF26}.Ad-Hoc|x64.Build.0 = Release|x64
		{27CCB529-7500-46AB-B463-C92FA15EEF26}.Ad-Hoc|x64.Deploy.0 = Release|x64
		{27CCB529-7500-46AB-B463-C92FA15EEF26}.Ad-Hoc|x86.ActiveCfg = Release|x86
		{27CCB529-7500-46AB-B463-C92FA15EEF26}.Ad-Hoc|x86.Build.0 = Release|x86
		{27CCB529-7500-46AB-B463-C92FA15EEF26}.Ad-Hoc|x86.Deploy.0 = Release|x86
		{27CCB529-7500-46AB-B463-C92FA15EEF26}.AppStore|Any CPU.ActiveCfg = Release|x86
		{27CCB529-7500-46AB-B463-C92FA15EEF26}.AppStore|Any CPU.Build.0 = Release|x86
		{27CCB529-7500-46AB-B463-C92FA15EEF26}.AppStore|Any CPU.Deploy.0 = Release|x86
		{27CCB529-7500-46AB-B463-C92FA15EEF26}.AppStore|ARM.ActiveCfg = Release|ARM
		{27CCB529-7500-46AB-B463-C92FA15EEF26}.AppStore|ARM.Build.0 = Release|ARM
		{27CCB529-7500-46AB-B463-C92FA15EEF26}.AppStore|ARM.Deploy.0 = Release|ARM
		{27CCB529-7500-46AB-B463-C92FA15EEF26}.AppStore|iPhone.ActiveCfg = Release|x86
		{27CCB529-7500-46AB-B463-C92FA15EEF26}.AppStore|iPhone.Build.0 = Release|x86
		{27CCB529-7500-46AB-B463-C92FA15EEF26}.AppStore|iPhone.Deploy.0 = Release|x86
		{27CCB529-7500-46AB-B463-C92FA15EEF26}.AppStore|iPhoneSimulator.ActiveCfg = Release|x86
		{27CCB529-7500-46AB-B463-C92FA15EEF26}.AppStore|iPhoneSimulator.Build.0 = Release|x86
		{27CCB529-7500-46AB-B463-C92FA15EEF26}.AppStore|iPhoneSimulator.Deploy.0 = Release|x86
		{27CCB529-7500-46AB-B463-C92FA15EEF26}.AppStore|x64.ActiveCfg = Release|x64
		{27CCB529-7500-46AB-B463-C92FA15EEF26}.AppStore|x64.Build.0 = Release|x64
		{27CCB529-7500-46AB-B463-C92FA15EEF26}.AppStore|x64.Deploy.0 = Release|x64
		{27CCB529-7500-46AB-B463-C92FA15EEF26}.AppStore|x86.ActiveCfg = Release|x86
		{27CCB529-7500-46AB-B463-C92FA15EEF26}.AppStore|x86.Build.0 = Release|x86
		{27CCB529-7500-46AB-B463-C92FA15EEF26}.AppStore|x86.Deploy.0 = Release|x86
		{27CCB529-7500-46AB-B463-C92FA15EEF26}.Debug|Any CPU.ActiveCfg = Debug|x86
		{27CCB529-7500-46AB-B463-C92FA15EEF26}.Debug|ARM.ActiveCfg = Debug|ARM
		{27CCB529-7500-46AB-B463-C92FA15EEF26}.Debug|ARM.Build.0 = Debug|ARM
		{27CCB529-7500-46AB-B463-C92FA15EEF26}.Debug|ARM.Deploy.0 = Debug|ARM
		{27CCB529-7500-46AB-B463-C92FA15EEF26}.Debug|iPhone.ActiveCfg = Debug|x86
		{27CCB529-7500-46AB-B463-C92FA15EEF26}.Debug|iPhoneSimulator.ActiveCfg = Debug|x86
		{27CCB529-7500-46AB-B463-C92FA15EEF26}.Debug|x64.ActiveCfg = Debug|x64
		{27CCB529-7500-46AB-B463-C92FA15EEF26}.Debug|x64.Build.0 = Debug|x64
		{27CCB529-7500-46AB-B463-C92FA15EEF26}.Debug|x64.Deploy.0 = Debug|x64
		{27CCB529-7500-46AB-B463-C92FA15EEF26}.Debug|x86.ActiveCfg = Debug|x86
		{27CCB529-7500-46AB-B463-C92FA15EEF26}.Debug|x86.Build.0 = Debug|x86
		{27CCB529-7500-46AB-B463-C92FA15EEF26}.Debug|x86.Deploy.0 = Debug|x86
		{27CCB529-7500-46AB-B463-C92FA15EEF26}.Release|Any CPU.ActiveCfg = Release|x86
		{27CCB529-7500-46AB-B463-C92FA15EEF26}.Release|ARM.ActiveCfg = Release|ARM
		{27CCB529-7500-46AB-B463-C92FA15EEF26}.Release|ARM.Build.0 = Release|ARM
		{27CCB529-7500-46AB-B463-C92FA15EEF26}.Release|ARM.Deploy.0 = Release|ARM
		{27CCB529-7500-46AB-B463-C92FA15EEF26}.Release|iPhone.ActiveCfg = Release|x86
		{27CCB529-7500-46AB-B463-C92FA15EEF26}.Release|iPhoneSimulator.ActiveCfg = Release|x86
		{27CCB529-7500-46AB-B463-C92FA15EEF26}.Release|x64.ActiveCfg = Release|x64
		{27CCB529-7500-46AB-B463-C92FA15EEF26}.Release|x64.Build.0 = Release|x64
		{27CCB529-7500-46AB-B463-C92FA15EEF26}.Release|x64.Deploy.0 = Release|x64
		{27CCB529-7500-46AB-B463-C92FA15EEF26}.Release|x86.ActiveCfg = Release|x86
		{27CCB529-7500-46AB-B463-C92FA15EEF26}.Release|x86.Build.0 = Release|x86
		{27CCB529-7500-46AB-B463-C92FA15EEF26}.Release|x86.Deploy.0 = Release|x86
		{FD7DCC4D-BB2B-4E60-BEC2-BFDEE30EEB53}.Ad-Hoc|Any CPU.ActiveCfg = Release|Any CPU
		{FD7DCC4D-BB2B-4E60-BEC2-BFDEE30EEB53}.Ad-Hoc|Any CPU.Build.0 = Release|Any CPU
		{FD7DCC4D-BB2B-4E60-BEC2-BFDEE30EEB53}.Ad-Hoc|Any CPU.Deploy.0 = Release|Any CPU
		{FD7DCC4D-BB2B-4E60-BEC2-BFDEE30EEB53}.Ad-Hoc|ARM.ActiveCfg = Release|ARM
		{FD7DCC4D-BB2B-4E60-BEC2-BFDEE30EEB53}.Ad-Hoc|ARM.Build.0 = Release|ARM
		{FD7DCC4D-BB2B-4E60-BEC2-BFDEE30EEB53}.Ad-Hoc|ARM.Deploy.0 = Release|ARM
		{FD7DCC4D-BB2B-4E60-BEC2-BFDEE30EEB53}.Ad-Hoc|iPhone.ActiveCfg = Release|Any CPU
		{FD7DCC4D-BB2B-4E60-BEC2-BFDEE30EEB53}.Ad-Hoc|iPhone.Build.0 = Release|Any CPU
		{FD7DCC4D-BB2B-4E60-BEC2-BFDEE30EEB53}.Ad-Hoc|iPhone.Deploy.0 = Release|Any CPU
		{FD7DCC4D-BB2B-4E60-BEC2-BFDEE30EEB53}.Ad-Hoc|iPhoneSimulator.ActiveCfg = Release|Any CPU
		{FD7DCC4D-BB2B-4E60-BEC2-BFDEE30EEB53}.Ad-Hoc|iPhoneSimulator.Build.0 = Release|Any CPU
		{FD7DCC4D-BB2B-4E60-BEC2-BFDEE30EEB53}.Ad-Hoc|iPhoneSimulator.Deploy.0 = Release|Any CPU
		{FD7DCC4D-BB2B-4E60-BEC2-BFDEE30EEB53}.Ad-Hoc|x64.ActiveCfg = Release|x64
		{FD7DCC4D-BB2B-4E60-BEC2-BFDEE30EEB53}.Ad-Hoc|x64.Build.0 = Release|x64
		{FD7DCC4D-BB2B-4E60-BEC2-BFDEE30EEB53}.Ad-Hoc|x64.Deploy.0 = Release|x64
		{FD7DCC4D-BB2B-4E60-BEC2-BFDEE30EEB53}.Ad-Hoc|x86.ActiveCfg = Release|x86
		{FD7DCC4D-BB2B-4E60-BEC2-BFDEE30EEB53}.Ad-Hoc|x86.Build.0 = Release|x86
		{FD7DCC4D-BB2B-4E60-BEC2-BFDEE30EEB53}.Ad-Hoc|x86.Deploy.0 = Release|x86
		{FD7DCC4D-BB2B-4E60-BEC2-BFDEE30EEB53}.AppStore|Any CPU.ActiveCfg = Release|Any CPU
		{FD7DCC4D-BB2B-4E60-BEC2-BFDEE30EEB53}.AppStore|Any CPU.Build.0 = Release|Any CPU
		{FD7DCC4D-BB2B-4E60-BEC2-BFDEE30EEB53}.AppStore|Any CPU.Deploy.0 = Release|Any CPU
		{FD7DCC4D-BB2B-4E60-BEC2-BFDEE30EEB53}.AppStore|ARM.ActiveCfg = Release|ARM
		{FD7DCC4D-BB2B-4E60-BEC2-BFDEE30EEB53}.AppStore|ARM.Build.0 = Release|ARM
		{FD7DCC4D-BB2B-4E60-BEC2-BFDEE30EEB53}.AppStore|ARM.Deploy.0 = Release|ARM
		{FD7DCC4D-BB2B-4E60-BEC2-BFDEE30EEB53}.AppStore|iPhone.ActiveCfg = Release|Any CPU
		{FD7DCC4D-BB2B-4E60-BEC2-BFDEE30EEB53}.AppStore|iPhone.Build.0 = Release|Any CPU
		{FD7DCC4D-BB2B-4E60-BEC2-BFDEE30EEB53}.AppStore|iPhone.Deploy.0 = Release|Any CPU
		{FD7DCC4D-BB2B-4E60-BEC2-BFDEE30EEB53}.AppStore|iPhoneSimulator.ActiveCfg = Release|Any CPU
		{FD7DCC4D-BB2B-4E60-BEC2-BFDEE30EEB53}.AppStore|iPhoneSimulator.Build.0 = Release|Any CPU
		{FD7DCC4D-BB2B-4E60-BEC2-BFDEE30EEB53}.AppStore|iPhoneSimulator.Deploy.0 = Release|Any CPU
		{FD7DCC4D-BB2B-4E60-BEC2-BFDEE30EEB53}.AppStore|x64.ActiveCfg = Release|x64
		{FD7DCC4D-BB2B-4E60-BEC2-BFDEE30EEB53}.AppStore|x64.Build.0 = Release|x64
		{FD7DCC4D-BB2B-4E60-BEC2-BFDEE30EEB53}.AppStore|x64.Deploy.0 = Release|x64
		{FD7DCC4D-BB2B-4E60-BEC2-BFDEE30EEB53}.AppStore|x86.ActiveCfg = Release|x86
		{FD7DCC4D-BB2B-4E60-BEC2-BFDEE30EEB53}.AppStore|x86.Build.0 = Release|x86
		{FD7DCC4D-BB2B-4E60-BEC2-BFDEE30EEB53}.AppStore|x86.Deploy.0 = Release|x86
		{FD7DCC4D-BB2B-4E60-BEC2-BFDEE30EEB53}.Debug|Any CPU.ActiveCfg = Debug|Any CPU
		{FD7DCC4D-BB2B-4E60-BEC2-BFDEE30EEB53}.Debug|Any CPU.Build.0 = Debug|Any CPU
		{FD7DCC4D-BB2B-4E60-BEC2-BFDEE30EEB53}.Debug|Any CPU.Deploy.0 = Debug|Any CPU
		{FD7DCC4D-BB2B-4E60-BEC2-BFDEE30EEB53}.Debug|ARM.ActiveCfg = Debug|ARM
		{FD7DCC4D-BB2B-4E60-BEC2-BFDEE30EEB53}.Debug|ARM.Build.0 = Debug|ARM
		{FD7DCC4D-BB2B-4E60-BEC2-BFDEE30EEB53}.Debug|ARM.Deploy.0 = Debug|ARM
		{FD7DCC4D-BB2B-4E60-BEC2-BFDEE30EEB53}.Debug|iPhone.ActiveCfg = Debug|Any CPU
		{FD7DCC4D-BB2B-4E60-BEC2-BFDEE30EEB53}.Debug|iPhone.Build.0 = Debug|Any CPU
		{FD7DCC4D-BB2B-4E60-BEC2-BFDEE30EEB53}.Debug|iPhone.Deploy.0 = Debug|Any CPU
		{FD7DCC4D-BB2B-4E60-BEC2-BFDEE30EEB53}.Debug|iPhoneSimulator.ActiveCfg = Debug|Any CPU
		{FD7DCC4D-BB2B-4E60-BEC2-BFDEE30EEB53}.Debug|iPhoneSimulator.Build.0 = Debug|Any CPU
		{FD7DCC4D-BB2B-4E60-BEC2-BFDEE30EEB53}.Debug|iPhoneSimulator.Deploy.0 = Debug|Any CPU
		{FD7DCC4D-BB2B-4E60-BEC2-BFDEE30EEB53}.Debug|x64.ActiveCfg = Debug|x64
		{FD7DCC4D-BB2B-4E60-BEC2-BFDEE30EEB53}.Debug|x64.Build.0 = Debug|x64
		{FD7DCC4D-BB2B-4E60-BEC2-BFDEE30EEB53}.Debug|x64.Deploy.0 = Debug|x64
		{FD7DCC4D-BB2B-4E60-BEC2-BFDEE30EEB53}.Debug|x86.ActiveCfg = Debug|x86
		{FD7DCC4D-BB2B-4E60-BEC2-BFDEE30EEB53}.Debug|x86.Build.0 = Debug|x86
		{FD7DCC4D-BB2B-4E60-BEC2-BFDEE30EEB53}.Debug|x86.Deploy.0 = Debug|x86
		{FD7DCC4D-BB2B-4E60-BEC2-BFDEE30EEB53}.Release|Any CPU.ActiveCfg = Release|Any CPU
		{FD7DCC4D-BB2B-4E60-BEC2-BFDEE30EEB53}.Release|Any CPU.Build.0 = Release|Any CPU
		{FD7DCC4D-BB2B-4E60-BEC2-BFDEE30EEB53}.Release|Any CPU.Deploy.0 = Release|Any CPU
		{FD7DCC4D-BB2B-4E60-BEC2-BFDEE30EEB53}.Release|ARM.ActiveCfg = Release|ARM
		{FD7DCC4D-BB2B-4E60-BEC2-BFDEE30EEB53}.Release|ARM.Build.0 = Release|ARM
		{FD7DCC4D-BB2B-4E60-BEC2-BFDEE30EEB53}.Release|ARM.Deploy.0 = Release|ARM
		{FD7DCC4D-BB2B-4E60-BEC2-BFDEE30EEB53}.Release|iPhone.ActiveCfg = Release|Any CPU
		{FD7DCC4D-BB2B-4E60-BEC2-BFDEE30EEB53}.Release|iPhone.Build.0 = Release|Any CPU
		{FD7DCC4D-BB2B-4E60-BEC2-BFDEE30EEB53}.Release|iPhone.Deploy.0 = Release|Any CPU
		{FD7DCC4D-BB2B-4E60-BEC2-BFDEE30EEB53}.Release|iPhoneSimulator.ActiveCfg = Release|Any CPU
		{FD7DCC4D-BB2B-4E60-BEC2-BFDEE30EEB53}.Release|iPhoneSimulator.Build.0 = Release|Any CPU
		{FD7DCC4D-BB2B-4E60-BEC2-BFDEE30EEB53}.Release|iPhoneSimulator.Deploy.0 = Release|Any CPU
		{FD7DCC4D-BB2B-4E60-BEC2-BFDEE30EEB53}.Release|x64.ActiveCfg = Release|x64
		{FD7DCC4D-BB2B-4E60-BEC2-BFDEE30EEB53}.Release|x64.Build.0 = Release|x64
		{FD7DCC4D-BB2B-4E60-BEC2-BFDEE30EEB53}.Release|x64.Deploy.0 = Release|x64
		{FD7DCC4D-BB2B-4E60-BEC2-BFDEE30EEB53}.Release|x86.ActiveCfg = Release|x86
		{FD7DCC4D-BB2B-4E60-BEC2-BFDEE30EEB53}.Release|x86.Build.0 = Release|x86
		{FD7DCC4D-BB2B-4E60-BEC2-BFDEE30EEB53}.Release|x86.Deploy.0 = Release|x86
	EndGlobalSection
	GlobalSection(SolutionProperties) = preSolution
		HideSolutionNode = FALSE
	EndGlobalSection
EndGlobal
