
Microsoft Visual Studio Solution File, Format Version 12.00
# Visual Studio 14
VisualStudioVersion = 14.0.25420.1
MinimumVisualStudioVersion = 10.0.40219.1
Project("{FAE04EC0-301F-11D3-BF4B-00C04F79EFBC}") = "SmartBox", "SmartBox\SmartBox\SmartBox.csproj", "{9FE3B330-D5DC-468B-9C39-13BE9415903B}"
EndProject
Project("{FAE04EC0-301F-11D3-BF4B-00C04F79EFBC}") = "SmartBox.Droid", "SmartBox\SmartBox.Droid\SmartBox.Droid.csproj", "{245B22B8-0F8D-45C4-A6FA-48CBEACAB475}"
EndProject
Project("{FAE04EC0-301F-11D3-BF4B-00C04F79EFBC}") = "SmartBox.iOS", "SmartBox\SmartBox.iOS\SmartBox.iOS.csproj", "{AB16D0EC-102C-40CD-AFE3-AA44E352934C}"
EndProject
Project("{FAE04EC0-301F-11D3-BF4B-00C04F79EFBC}") = "SmartBox.WinPhone", "SmartBox\SmartBox.WinPhone\SmartBox.WinPhone.csproj", "{4652CC79-464F-45FB-96BE-9DF00B3A8912}"
EndProject
Project("{FAE04EC0-301F-11D3-BF4B-00C04F79EFBC}") = "SmartBox.UWP", "SmartBox\SmartBox.UWP\SmartBox.UWP.csproj", "{23DDF453-48A9-42D9-8C3E-1123622DDC40}"
EndProject
Project("{FAE04EC0-301F-11D3-BF4B-00C04F79EFBC}") = "SmartBox.Windows", "SmartBox\SmartBox.Windows\SmartBox.Windows.csproj", "{68AECE00-CA52-4940-96E8-77454C27CF50}"
EndProject
Global
	GlobalSection(SolutionConfigurationPlatforms) = preSolution
		Ad-Hoc|Any CPU = Ad-Hoc|Any CPU
		Ad-Hoc|ARM = Ad-Hoc|ARM
		Ad-Hoc|iPhone = Ad-Hoc|iPhone
		Ad-Hoc|iPhoneSimulator = Ad-Hoc|iPhoneSimulator
		Ad-Hoc|x64 = Ad-Hoc|x64
		Ad-Hoc|x86 = Ad-Hoc|x86
		AppStore|Any CPU = AppStore|Any CPU
		AppStore|ARM = AppStore|ARM
		AppStore|iPhone = AppStore|iPhone
		AppStore|iPhoneSimulator = AppStore|iPhoneSimulator
		AppStore|x64 = AppStore|x64
		AppStore|x86 = AppStore|x86
		Debug|Any CPU = Debug|Any CPU
		Debug|ARM = Debug|ARM
		Debug|iPhone = Debug|iPhone
		Debug|iPhoneSimulator = Debug|iPhoneSimulator
		Debug|x64 = Debug|x64
		Debug|x86 = Debug|x86
		Release|Any CPU = Release|Any CPU
		Release|ARM = Release|ARM
		Release|iPhone = Release|iPhone
		Release|iPhoneSimulator = Release|iPhoneSimulator
		Release|x64 = Release|x64
		Release|x86 = Release|x86
	EndGlobalSection
	GlobalSection(ProjectConfigurationPlatforms) = postSolution
		{9FE3B330-D5DC-468B-9C39-13BE9415903B}.Ad-Hoc|Any CPU.ActiveCfg = Release|Any CPU
		{9FE3B330-D5DC-468B-9C39-13BE9415903B}.Ad-Hoc|Any CPU.Build.0 = Release|Any CPU
		{9FE3B330-D5DC-468B-9C39-13BE9415903B}.Ad-Hoc|ARM.ActiveCfg = Release|Any CPU
		{9FE3B330-D5DC-468B-9C39-13BE9415903B}.Ad-Hoc|ARM.Build.0 = Release|Any CPU
		{9FE3B330-D5DC-468B-9C39-13BE9415903B}.Ad-Hoc|iPhone.ActiveCfg = Release|Any CPU
		{9FE3B330-D5DC-468B-9C39-13BE9415903B}.Ad-Hoc|iPhone.Build.0 = Release|Any CPU
		{9FE3B330-D5DC-468B-9C39-13BE9415903B}.Ad-Hoc|iPhoneSimulator.ActiveCfg = Release|Any CPU
		{9FE3B330-D5DC-468B-9C39-13BE9415903B}.Ad-Hoc|iPhoneSimulator.Build.0 = Release|Any CPU
		{9FE3B330-D5DC-468B-9C39-13BE9415903B}.Ad-Hoc|x64.ActiveCfg = Release|Any CPU
		{9FE3B330-D5DC-468B-9C39-13BE9415903B}.Ad-Hoc|x64.Build.0 = Release|Any CPU
		{9FE3B330-D5DC-468B-9C39-13BE9415903B}.Ad-Hoc|x86.ActiveCfg = Release|Any CPU
		{9FE3B330-D5DC-468B-9C39-13BE9415903B}.Ad-Hoc|x86.Build.0 = Release|Any CPU
		{9FE3B330-D5DC-468B-9C39-13BE9415903B}.AppStore|Any CPU.ActiveCfg = Release|Any CPU
		{9FE3B330-D5DC-468B-9C39-13BE9415903B}.AppStore|Any CPU.Build.0 = Release|Any CPU
		{9FE3B330-D5DC-468B-9C39-13BE9415903B}.AppStore|ARM.ActiveCfg = Release|Any CPU
		{9FE3B330-D5DC-468B-9C39-13BE9415903B}.AppStore|ARM.Build.0 = Release|Any CPU
		{9FE3B330-D5DC-468B-9C39-13BE9415903B}.AppStore|iPhone.ActiveCfg = Release|Any CPU
		{9FE3B330-D5DC-468B-9C39-13BE9415903B}.AppStore|iPhone.Build.0 = Release|Any CPU
		{9FE3B330-D5DC-468B-9C39-13BE9415903B}.AppStore|iPhoneSimulator.ActiveCfg = Release|Any CPU
		{9FE3B330-D5DC-468B-9C39-13BE9415903B}.AppStore|iPhoneSimulator.Build.0 = Release|Any CPU
		{9FE3B330-D5DC-468B-9C39-13BE9415903B}.AppStore|x64.ActiveCfg = Release|Any CPU
		{9FE3B330-D5DC-468B-9C39-13BE9415903B}.AppStore|x64.Build.0 = Release|Any CPU
		{9FE3B330-D5DC-468B-9C39-13BE9415903B}.AppStore|x86.ActiveCfg = Release|Any CPU
		{9FE3B330-D5DC-468B-9C39-13BE9415903B}.AppStore|x86.Build.0 = Release|Any CPU
		{9FE3B330-D5DC-468B-9C39-13BE9415903B}.Debug|Any CPU.ActiveCfg = Debug|Any CPU
		{9FE3B330-D5DC-468B-9C39-13BE9415903B}.Debug|Any CPU.Build.0 = Debug|Any CPU
		{9FE3B330-D5DC-468B-9C39-13BE9415903B}.Debug|ARM.ActiveCfg = Debug|Any CPU
		{9FE3B330-D5DC-468B-9C39-13BE9415903B}.Debug|ARM.Build.0 = Debug|Any CPU
		{9FE3B330-D5DC-468B-9C39-13BE9415903B}.Debug|iPhone.ActiveCfg = Debug|Any CPU
		{9FE3B330-D5DC-468B-9C39-13BE9415903B}.Debug|iPhone.Build.0 = Debug|Any CPU
		{9FE3B330-D5DC-468B-9C39-13BE9415903B}.Debug|iPhoneSimulator.ActiveCfg = Debug|Any CPU
		{9FE3B330-D5DC-468B-9C39-13BE9415903B}.Debug|iPhoneSimulator.Build.0 = Debug|Any CPU
		{9FE3B330-D5DC-468B-9C39-13BE9415903B}.Debug|x64.ActiveCfg = Debug|Any CPU
		{9FE3B330-D5DC-468B-9C39-13BE9415903B}.Debug|x64.Build.0 = Debug|Any CPU
		{9FE3B330-D5DC-468B-9C39-13BE9415903B}.Debug|x86.ActiveCfg = Debug|Any CPU
		{9FE3B330-D5DC-468B-9C39-13BE9415903B}.Debug|x86.Build.0 = Debug|Any CPU
		{9FE3B330-D5DC-468B-9C39-13BE9415903B}.Release|Any CPU.ActiveCfg = Release|Any CPU
		{9FE3B330-D5DC-468B-9C39-13BE9415903B}.Release|Any CPU.Build.0 = Release|Any CPU
		{9FE3B330-D5DC-468B-9C39-13BE9415903B}.Release|ARM.ActiveCfg = Release|Any CPU
		{9FE3B330-D5DC-468B-9C39-13BE9415903B}.Release|ARM.Build.0 = Release|Any CPU
		{9FE3B330-D5DC-468B-9C39-13BE9415903B}.Release|iPhone.ActiveCfg = Release|Any CPU
		{9FE3B330-D5DC-468B-9C39-13BE9415903B}.Release|iPhone.Build.0 = Release|Any CPU
		{9FE3B330-D5DC-468B-9C39-13BE9415903B}.Release|iPhoneSimulator.ActiveCfg = Release|Any CPU
		{9FE3B330-D5DC-468B-9C39-13BE9415903B}.Release|iPhoneSimulator.Build.0 = Release|Any CPU
		{9FE3B330-D5DC-468B-9C39-13BE9415903B}.Release|x64.ActiveCfg = Release|Any CPU
		{9FE3B330-D5DC-468B-9C39-13BE9415903B}.Release|x64.Build.0 = Release|Any CPU
		{9FE3B330-D5DC-468B-9C39-13BE9415903B}.Release|x86.ActiveCfg = Release|Any CPU
		{9FE3B330-D5DC-468B-9C39-13BE9415903B}.Release|x86.Build.0 = Release|Any CPU
		{245B22B8-0F8D-45C4-A6FA-48CBEACAB475}.Ad-Hoc|Any CPU.ActiveCfg = Release|Any CPU
		{245B22B8-0F8D-45C4-A6FA-48CBEACAB475}.Ad-Hoc|Any CPU.Build.0 = Release|Any CPU
		{245B22B8-0F8D-45C4-A6FA-48CBEACAB475}.Ad-Hoc|Any CPU.Deploy.0 = Release|Any CPU
		{245B22B8-0F8D-45C4-A6FA-48CBEACAB475}.Ad-Hoc|ARM.ActiveCfg = Release|Any CPU
		{245B22B8-0F8D-45C4-A6FA-48CBEACAB475}.Ad-Hoc|ARM.Build.0 = Release|Any CPU
		{245B22B8-0F8D-45C4-A6FA-48CBEACAB475}.Ad-Hoc|ARM.Deploy.0 = Release|Any CPU
		{245B22B8-0F8D-45C4-A6FA-48CBEACAB475}.Ad-Hoc|iPhone.ActiveCfg = Release|Any CPU
		{245B22B8-0F8D-45C4-A6FA-48CBEACAB475}.Ad-Hoc|iPhone.Build.0 = Release|Any CPU
		{245B22B8-0F8D-45C4-A6FA-48CBEACAB475}.Ad-Hoc|iPhone.Deploy.0 = Release|Any CPU
		{245B22B8-0F8D-45C4-A6FA-48CBEACAB475}.Ad-Hoc|iPhoneSimulator.ActiveCfg = Release|Any CPU
		{245B22B8-0F8D-45C4-A6FA-48CBEACAB475}.Ad-Hoc|iPhoneSimulator.Build.0 = Release|Any CPU
		{245B22B8-0F8D-45C4-A6FA-48CBEACAB475}.Ad-Hoc|iPhoneSimulator.Deploy.0 = Release|Any CPU
		{245B22B8-0F8D-45C4-A6FA-48CBEACAB475}.Ad-Hoc|x64.ActiveCfg = Release|Any CPU
		{245B22B8-0F8D-45C4-A6FA-48CBEACAB475}.Ad-Hoc|x64.Build.0 = Release|Any CPU
		{245B22B8-0F8D-45C4-A6FA-48CBEACAB475}.Ad-Hoc|x64.Deploy.0 = Release|Any CPU
		{245B22B8-0F8D-45C4-A6FA-48CBEACAB475}.Ad-Hoc|x86.ActiveCfg = Release|Any CPU
		{245B22B8-0F8D-45C4-A6FA-48CBEACAB475}.Ad-Hoc|x86.Build.0 = Release|Any CPU
		{245B22B8-0F8D-45C4-A6FA-48CBEACAB475}.Ad-Hoc|x86.Deploy.0 = Release|Any CPU
		{245B22B8-0F8D-45C4-A6FA-48CBEACAB475}.AppStore|Any CPU.ActiveCfg = Release|Any CPU
		{245B22B8-0F8D-45C4-A6FA-48CBEACAB475}.AppStore|Any CPU.Build.0 = Release|Any CPU
		{245B22B8-0F8D-45C4-A6FA-48CBEACAB475}.AppStore|Any CPU.Deploy.0 = Release|Any CPU
		{245B22B8-0F8D-45C4-A6FA-48CBEACAB475}.AppStore|ARM.ActiveCfg = Release|Any CPU
		{245B22B8-0F8D-45C4-A6FA-48CBEACAB475}.AppStore|ARM.Build.0 = Release|Any CPU
		{245B22B8-0F8D-45C4-A6FA-48CBEACAB475}.AppStore|ARM.Deploy.0 = Release|Any CPU
		{245B22B8-0F8D-45C4-A6FA-48CBEACAB475}.AppStore|iPhone.ActiveCfg = Release|Any CPU
		{245B22B8-0F8D-45C4-A6FA-48CBEACAB475}.AppStore|iPhone.Build.0 = Release|Any CPU
		{245B22B8-0F8D-45C4-A6FA-48CBEACAB475}.AppStore|iPhone.Deploy.0 = Release|Any CPU
		{245B22B8-0F8D-45C4-A6FA-48CBEACAB475}.AppStore|iPhoneSimulator.ActiveCfg = Release|Any CPU
		{245B22B8-0F8D-45C4-A6FA-48CBEACAB475}.AppStore|iPhoneSimulator.Build.0 = Release|Any CPU
		{245B22B8-0F8D-45C4-A6FA-48CBEACAB475}.AppStore|iPhoneSimulator.Deploy.0 = Release|Any CPU
		{245B22B8-0F8D-45C4-A6FA-48CBEACAB475}.AppStore|x64.ActiveCfg = Release|Any CPU
		{245B22B8-0F8D-45C4-A6FA-48CBEACAB475}.AppStore|x64.Build.0 = Release|Any CPU
		{245B22B8-0F8D-45C4-A6FA-48CBEACAB475}.AppStore|x64.Deploy.0 = Release|Any CPU
		{245B22B8-0F8D-45C4-A6FA-48CBEACAB475}.AppStore|x86.ActiveCfg = Release|Any CPU
		{245B22B8-0F8D-45C4-A6FA-48CBEACAB475}.AppStore|x86.Build.0 = Release|Any CPU
		{245B22B8-0F8D-45C4-A6FA-48CBEACAB475}.AppStore|x86.Deploy.0 = Release|Any CPU
		{245B22B8-0F8D-45C4-A6FA-48CBEACAB475}.Debug|Any CPU.ActiveCfg = Debug|Any CPU
		{245B22B8-0F8D-45C4-A6FA-48CBEACAB475}.Debug|Any CPU.Build.0 = Debug|Any CPU
		{245B22B8-0F8D-45C4-A6FA-48CBEACAB475}.Debug|Any CPU.Deploy.0 = Debug|Any CPU
		{245B22B8-0F8D-45C4-A6FA-48CBEACAB475}.Debug|ARM.ActiveCfg = Debug|Any CPU
		{245B22B8-0F8D-45C4-A6FA-48CBEACAB475}.Debug|ARM.Build.0 = Debug|Any CPU
		{245B22B8-0F8D-45C4-A6FA-48CBEACAB475}.Debug|ARM.Deploy.0 = Debug|Any CPU
		{245B22B8-0F8D-45C4-A6FA-48CBEACAB475}.Debug|iPhone.ActiveCfg = Debug|Any CPU
		{245B22B8-0F8D-45C4-A6FA-48CBEACAB475}.Debug|iPhone.Build.0 = Debug|Any CPU
		{245B22B8-0F8D-45C4-A6FA-48CBEACAB475}.Debug|iPhone.Deploy.0 = Debug|Any CPU
		{245B22B8-0F8D-45C4-A6FA-48CBEACAB475}.Debug|iPhoneSimulator.ActiveCfg = Debug|Any CPU
		{245B22B8-0F8D-45C4-A6FA-48CBEACAB475}.Debug|iPhoneSimulator.Build.0 = Debug|Any CPU
		{245B22B8-0F8D-45C4-A6FA-48CBEACAB475}.Debug|iPhoneSimulator.Deploy.0 = Debug|Any CPU
		{245B22B8-0F8D-45C4-A6FA-48CBEACAB475}.Debug|x64.ActiveCfg = Debug|Any CPU
		{245B22B8-0F8D-45C4-A6FA-48CBEACAB475}.Debug|x64.Build.0 = Debug|Any CPU
		{245B22B8-0F8D-45C4-A6FA-48CBEACAB475}.Debug|x64.Deploy.0 = Debug|Any CPU
		{245B22B8-0F8D-45C4-A6FA-48CBEACAB475}.Debug|x86.ActiveCfg = Debug|Any CPU
		{245B22B8-0F8D-45C4-A6FA-48CBEACAB475}.Debug|x86.Build.0 = Debug|Any CPU
		{245B22B8-0F8D-45C4-A6FA-48CBEACAB475}.Debug|x86.Deploy.0 = Debug|Any CPU
		{245B22B8-0F8D-45C4-A6FA-48CBEACAB475}.Release|Any CPU.ActiveCfg = Release|Any CPU
		{245B22B8-0F8D-45C4-A6FA-48CBEACAB475}.Release|Any CPU.Build.0 = Release|Any CPU
		{245B22B8-0F8D-45C4-A6FA-48CBEACAB475}.Release|Any CPU.Deploy.0 = Release|Any CPU
		{245B22B8-0F8D-45C4-A6FA-48CBEACAB475}.Release|ARM.ActiveCfg = Release|Any CPU
		{245B22B8-0F8D-45C4-A6FA-48CBEACAB475}.Release|ARM.Build.0 = Release|Any CPU
		{245B22B8-0F8D-45C4-A6FA-48CBEACAB475}.Release|ARM.Deploy.0 = Release|Any CPU
		{245B22B8-0F8D-45C4-A6FA-48CBEACAB475}.Release|iPhone.ActiveCfg = Release|Any CPU
		{245B22B8-0F8D-45C4-A6FA-48CBEACAB475}.Release|iPhone.Build.0 = Release|Any CPU
		{245B22B8-0F8D-45C4-A6FA-48CBEACAB475}.Release|iPhone.Deploy.0 = Release|Any CPU
		{245B22B8-0F8D-45C4-A6FA-48CBEACAB475}.Release|iPhoneSimulator.ActiveCfg = Release|Any CPU
		{245B22B8-0F8D-45C4-A6FA-48CBEACAB475}.Release|iPhoneSimulator.Build.0 = Release|Any CPU
		{245B22B8-0F8D-45C4-A6FA-48CBEACAB475}.Release|iPhoneSimulator.Deploy.0 = Release|Any CPU
		{245B22B8-0F8D-45C4-A6FA-48CBEACAB475}.Release|x64.ActiveCfg = Release|Any CPU
		{245B22B8-0F8D-45C4-A6FA-48CBEACAB475}.Release|x64.Build.0 = Release|Any CPU
		{245B22B8-0F8D-45C4-A6FA-48CBEACAB475}.Release|x64.Deploy.0 = Release|Any CPU
		{245B22B8-0F8D-45C4-A6FA-48CBEACAB475}.Release|x86.ActiveCfg = Release|Any CPU
		{245B22B8-0F8D-45C4-A6FA-48CBEACAB475}.Release|x86.Build.0 = Release|Any CPU
		{245B22B8-0F8D-45C4-A6FA-48CBEACAB475}.Release|x86.Deploy.0 = Release|Any CPU
		{AB16D0EC-102C-40CD-AFE3-AA44E352934C}.Ad-Hoc|Any CPU.ActiveCfg = Ad-Hoc|iPhone
		{AB16D0EC-102C-40CD-AFE3-AA44E352934C}.Ad-Hoc|ARM.ActiveCfg = Ad-Hoc|iPhone
		{AB16D0EC-102C-40CD-AFE3-AA44E352934C}.Ad-Hoc|iPhone.ActiveCfg = Ad-Hoc|iPhone
		{AB16D0EC-102C-40CD-AFE3-AA44E352934C}.Ad-Hoc|iPhone.Build.0 = Ad-Hoc|iPhone
		{AB16D0EC-102C-40CD-AFE3-AA44E352934C}.Ad-Hoc|iPhoneSimulator.ActiveCfg = Ad-Hoc|iPhoneSimulator
		{AB16D0EC-102C-40CD-AFE3-AA44E352934C}.Ad-Hoc|iPhoneSimulator.Build.0 = Ad-Hoc|iPhoneSimulator
		{AB16D0EC-102C-40CD-AFE3-AA44E352934C}.Ad-Hoc|x64.ActiveCfg = Ad-Hoc|iPhone
		{AB16D0EC-102C-40CD-AFE3-AA44E352934C}.Ad-Hoc|x86.ActiveCfg = Ad-Hoc|iPhone
		{AB16D0EC-102C-40CD-AFE3-AA44E352934C}.AppStore|Any CPU.ActiveCfg = AppStore|iPhone
		{AB16D0EC-102C-40CD-AFE3-AA44E352934C}.AppStore|ARM.ActiveCfg = AppStore|iPhone
		{AB16D0EC-102C-40CD-AFE3-AA44E352934C}.AppStore|iPhone.ActiveCfg = AppStore|iPhone
		{AB16D0EC-102C-40CD-AFE3-AA44E352934C}.AppStore|iPhone.Build.0 = AppStore|iPhone
		{AB16D0EC-102C-40CD-AFE3-AA44E352934C}.AppStore|iPhoneSimulator.ActiveCfg = AppStore|iPhoneSimulator
		{AB16D0EC-102C-40CD-AFE3-AA44E352934C}.AppStore|iPhoneSimulator.Build.0 = AppStore|iPhoneSimulator
		{AB16D0EC-102C-40CD-AFE3-AA44E352934C}.AppStore|x64.ActiveCfg = AppStore|iPhone
		{AB16D0EC-102C-40CD-AFE3-AA44E352934C}.AppStore|x86.ActiveCfg = AppStore|iPhone
		{AB16D0EC-102C-40CD-AFE3-AA44E352934C}.Debug|Any CPU.ActiveCfg = Debug|iPhone
		{AB16D0EC-102C-40CD-AFE3-AA44E352934C}.Debug|ARM.ActiveCfg = Debug|iPhone
		{AB16D0EC-102C-40CD-AFE3-AA44E352934C}.Debug|iPhone.ActiveCfg = Debug|iPhone
		{AB16D0EC-102C-40CD-AFE3-AA44E352934C}.Debug|iPhone.Build.0 = Debug|iPhone
		{AB16D0EC-102C-40CD-AFE3-AA44E352934C}.Debug|iPhoneSimulator.ActiveCfg = Debug|iPhoneSimulator
		{AB16D0EC-102C-40CD-AFE3-AA44E352934C}.Debug|iPhoneSimulator.Build.0 = Debug|iPhoneSimulator
		{AB16D0EC-102C-40CD-AFE3-AA44E352934C}.Debug|x64.ActiveCfg = Debug|iPhone
		{AB16D0EC-102C-40CD-AFE3-AA44E352934C}.Debug|x86.ActiveCfg = Debug|iPhone
		{AB16D0EC-102C-40CD-AFE3-AA44E352934C}.Release|Any CPU.ActiveCfg = Release|iPhone
		{AB16D0EC-102C-40CD-AFE3-AA44E352934C}.Release|ARM.ActiveCfg = Release|iPhone
		{AB16D0EC-102C-40CD-AFE3-AA44E352934C}.Release|iPhone.ActiveCfg = Release|iPhone
		{AB16D0EC-102C-40CD-AFE3-AA44E352934C}.Release|iPhone.Build.0 = Release|iPhone
		{AB16D0EC-102C-40CD-AFE3-AA44E352934C}.Release|iPhoneSimulator.ActiveCfg = Release|iPhoneSimulator
		{AB16D0EC-102C-40CD-AFE3-AA44E352934C}.Release|iPhoneSimulator.Build.0 = Release|iPhoneSimulator
		{AB16D0EC-102C-40CD-AFE3-AA44E352934C}.Release|x64.ActiveCfg = Release|iPhone
		{AB16D0EC-102C-40CD-AFE3-AA44E352934C}.Release|x86.ActiveCfg = Release|iPhone
		{4652CC79-464F-45FB-96BE-9DF00B3A8912}.Ad-Hoc|Any CPU.ActiveCfg = Release|Any CPU
		{4652CC79-464F-45FB-96BE-9DF00B3A8912}.Ad-Hoc|Any CPU.Build.0 = Release|Any CPU
		{4652CC79-464F-45FB-96BE-9DF00B3A8912}.Ad-Hoc|Any CPU.Deploy.0 = Release|Any CPU
		{4652CC79-464F-45FB-96BE-9DF00B3A8912}.Ad-Hoc|ARM.ActiveCfg = Release|ARM
		{4652CC79-464F-45FB-96BE-9DF00B3A8912}.Ad-Hoc|ARM.Build.0 = Release|ARM
		{4652CC79-464F-45FB-96BE-9DF00B3A8912}.Ad-Hoc|ARM.Deploy.0 = Release|ARM
		{4652CC79-464F-45FB-96BE-9DF00B3A8912}.Ad-Hoc|iPhone.ActiveCfg = Release|Any CPU
		{4652CC79-464F-45FB-96BE-9DF00B3A8912}.Ad-Hoc|iPhone.Build.0 = Release|Any CPU
		{4652CC79-464F-45FB-96BE-9DF00B3A8912}.Ad-Hoc|iPhone.Deploy.0 = Release|Any CPU
		{4652CC79-464F-45FB-96BE-9DF00B3A8912}.Ad-Hoc|iPhoneSimulator.ActiveCfg = Release|Any CPU
		{4652CC79-464F-45FB-96BE-9DF00B3A8912}.Ad-Hoc|iPhoneSimulator.Build.0 = Release|Any CPU
		{4652CC79-464F-45FB-96BE-9DF00B3A8912}.Ad-Hoc|iPhoneSimulator.Deploy.0 = Release|Any CPU
		{4652CC79-464F-45FB-96BE-9DF00B3A8912}.Ad-Hoc|x64.ActiveCfg = Release|Any CPU
		{4652CC79-464F-45FB-96BE-9DF00B3A8912}.Ad-Hoc|x64.Build.0 = Release|Any CPU
		{4652CC79-464F-45FB-96BE-9DF00B3A8912}.Ad-Hoc|x64.Deploy.0 = Release|Any CPU
		{4652CC79-464F-45FB-96BE-9DF00B3A8912}.Ad-Hoc|x86.ActiveCfg = Release|x86
		{4652CC79-464F-45FB-96BE-9DF00B3A8912}.Ad-Hoc|x86.Build.0 = Release|x86
		{4652CC79-464F-45FB-96BE-9DF00B3A8912}.Ad-Hoc|x86.Deploy.0 = Release|x86
		{4652CC79-464F-45FB-96BE-9DF00B3A8912}.AppStore|Any CPU.ActiveCfg = Release|Any CPU
		{4652CC79-464F-45FB-96BE-9DF00B3A8912}.AppStore|Any CPU.Build.0 = Release|Any CPU
		{4652CC79-464F-45FB-96BE-9DF00B3A8912}.AppStore|Any CPU.Deploy.0 = Release|Any CPU
		{4652CC79-464F-45FB-96BE-9DF00B3A8912}.AppStore|ARM.ActiveCfg = Release|ARM
		{4652CC79-464F-45FB-96BE-9DF00B3A8912}.AppStore|ARM.Build.0 = Release|ARM
		{4652CC79-464F-45FB-96BE-9DF00B3A8912}.AppStore|ARM.Deploy.0 = Release|ARM
		{4652CC79-464F-45FB-96BE-9DF00B3A8912}.AppStore|iPhone.ActiveCfg = Release|Any CPU
		{4652CC79-464F-45FB-96BE-9DF00B3A8912}.AppStore|iPhone.Build.0 = Release|Any CPU
		{4652CC79-464F-45FB-96BE-9DF00B3A8912}.AppStore|iPhone.Deploy.0 = Release|Any CPU
		{4652CC79-464F-45FB-96BE-9DF00B3A8912}.AppStore|iPhoneSimulator.ActiveCfg = Release|Any CPU
		{4652CC79-464F-45FB-96BE-9DF00B3A8912}.AppStore|iPhoneSimulator.Build.0 = Release|Any CPU
		{4652CC79-464F-45FB-96BE-9DF00B3A8912}.AppStore|iPhoneSimulator.Deploy.0 = Release|Any CPU
		{4652CC79-464F-45FB-96BE-9DF00B3A8912}.AppStore|x64.ActiveCfg = Release|Any CPU
		{4652CC79-464F-45FB-96BE-9DF00B3A8912}.AppStore|x64.Build.0 = Release|Any CPU
		{4652CC79-464F-45FB-96BE-9DF00B3A8912}.AppStore|x64.Deploy.0 = Release|Any CPU
		{4652CC79-464F-45FB-96BE-9DF00B3A8912}.AppStore|x86.ActiveCfg = Release|x86
		{4652CC79-464F-45FB-96BE-9DF00B3A8912}.AppStore|x86.Build.0 = Release|x86
		{4652CC79-464F-45FB-96BE-9DF00B3A8912}.AppStore|x86.Deploy.0 = Release|x86
		{4652CC79-464F-45FB-96BE-9DF00B3A8912}.Debug|Any CPU.ActiveCfg = Debug|Any CPU
		{4652CC79-464F-45FB-96BE-9DF00B3A8912}.Debug|Any CPU.Build.0 = Debug|Any CPU
		{4652CC79-464F-45FB-96BE-9DF00B3A8912}.Debug|Any CPU.Deploy.0 = Debug|Any CPU
		{4652CC79-464F-45FB-96BE-9DF00B3A8912}.Debug|ARM.ActiveCfg = Debug|ARM
		{4652CC79-464F-45FB-96BE-9DF00B3A8912}.Debug|ARM.Build.0 = Debug|ARM
		{4652CC79-464F-45FB-96BE-9DF00B3A8912}.Debug|ARM.Deploy.0 = Debug|ARM
		{4652CC79-464F-45FB-96BE-9DF00B3A8912}.Debug|iPhone.ActiveCfg = Debug|Any CPU
		{4652CC79-464F-45FB-96BE-9DF00B3A8912}.Debug|iPhone.Build.0 = Debug|Any CPU
		{4652CC79-464F-45FB-96BE-9DF00B3A8912}.Debug|iPhone.Deploy.0 = Debug|Any CPU
		{4652CC79-464F-45FB-96BE-9DF00B3A8912}.Debug|iPhoneSimulator.ActiveCfg = Debug|Any CPU
		{4652CC79-464F-45FB-96BE-9DF00B3A8912}.Debug|iPhoneSimulator.Build.0 = Debug|Any CPU
		{4652CC79-464F-45FB-96BE-9DF00B3A8912}.Debug|iPhoneSimulator.Deploy.0 = Debug|Any CPU
		{4652CC79-464F-45FB-96BE-9DF00B3A8912}.Debug|x64.ActiveCfg = Debug|Any CPU
		{4652CC79-464F-45FB-96BE-9DF00B3A8912}.Debug|x64.Build.0 = Debug|Any CPU
		{4652CC79-464F-45FB-96BE-9DF00B3A8912}.Debug|x64.Deploy.0 = Debug|Any CPU
		{4652CC79-464F-45FB-96BE-9DF00B3A8912}.Debug|x86.ActiveCfg = Debug|x86
		{4652CC79-464F-45FB-96BE-9DF00B3A8912}.Debug|x86.Build.0 = Debug|x86
		{4652CC79-464F-45FB-96BE-9DF00B3A8912}.Debug|x86.Deploy.0 = Debug|x86
		{4652CC79-464F-45FB-96BE-9DF00B3A8912}.Release|Any CPU.ActiveCfg = Release|Any CPU
		{4652CC79-464F-45FB-96BE-9DF00B3A8912}.Release|Any CPU.Build.0 = Release|Any CPU
		{4652CC79-464F-45FB-96BE-9DF00B3A8912}.Release|Any CPU.Deploy.0 = Release|Any CPU
		{4652CC79-464F-45FB-96BE-9DF00B3A8912}.Release|ARM.ActiveCfg = Release|ARM
		{4652CC79-464F-45FB-96BE-9DF00B3A8912}.Release|ARM.Build.0 = Release|ARM
		{4652CC79-464F-45FB-96BE-9DF00B3A8912}.Release|ARM.Deploy.0 = Release|ARM
		{4652CC79-464F-45FB-96BE-9DF00B3A8912}.Release|iPhone.ActiveCfg = Release|Any CPU
		{4652CC79-464F-45FB-96BE-9DF00B3A8912}.Release|iPhone.Build.0 = Release|Any CPU
		{4652CC79-464F-45FB-96BE-9DF00B3A8912}.Release|iPhone.Deploy.0 = Release|Any CPU
		{4652CC79-464F-45FB-96BE-9DF00B3A8912}.Release|iPhoneSimulator.ActiveCfg = Release|Any CPU
		{4652CC79-464F-45FB-96BE-9DF00B3A8912}.Release|iPhoneSimulator.Build.0 = Release|Any CPU
		{4652CC79-464F-45FB-96BE-9DF00B3A8912}.Release|iPhoneSimulator.Deploy.0 = Release|Any CPU
		{4652CC79-464F-45FB-96BE-9DF00B3A8912}.Release|x64.ActiveCfg = Release|Any CPU
		{4652CC79-464F-45FB-96BE-9DF00B3A8912}.Release|x64.Build.0 = Release|Any CPU
		{4652CC79-464F-45FB-96BE-9DF00B3A8912}.Release|x64.Deploy.0 = Release|Any CPU
		{4652CC79-464F-45FB-96BE-9DF00B3A8912}.Release|x86.ActiveCfg = Release|x86
		{4652CC79-464F-45FB-96BE-9DF00B3A8912}.Release|x86.Build.0 = Release|x86
		{4652CC79-464F-45FB-96BE-9DF00B3A8912}.Release|x86.Deploy.0 = Release|x86
		{23DDF453-48A9-42D9-8C3E-1123622DDC40}.Ad-Hoc|Any CPU.ActiveCfg = Release|x86
		{23DDF453-48A9-42D9-8C3E-1123622DDC40}.Ad-Hoc|Any CPU.Build.0 = Release|x86
		{23DDF453-48A9-42D9-8C3E-1123622DDC40}.Ad-Hoc|Any CPU.Deploy.0 = Release|x86
		{23DDF453-48A9-42D9-8C3E-1123622DDC40}.Ad-Hoc|ARM.ActiveCfg = Release|ARM
		{23DDF453-48A9-42D9-8C3E-1123622DDC40}.Ad-Hoc|ARM.Build.0 = Release|ARM
		{23DDF453-48A9-42D9-8C3E-1123622DDC40}.Ad-Hoc|ARM.Deploy.0 = Release|ARM
		{23DDF453-48A9-42D9-8C3E-1123622DDC40}.Ad-Hoc|iPhone.ActiveCfg = Release|x86
		{23DDF453-48A9-42D9-8C3E-1123622DDC40}.Ad-Hoc|iPhone.Build.0 = Release|x86
		{23DDF453-48A9-42D9-8C3E-1123622DDC40}.Ad-Hoc|iPhone.Deploy.0 = Release|x86
		{23DDF453-48A9-42D9-8C3E-1123622DDC40}.Ad-Hoc|iPhoneSimulator.ActiveCfg = Release|x86
		{23DDF453-48A9-42D9-8C3E-1123622DDC40}.Ad-Hoc|iPhoneSimulator.Build.0 = Release|x86
		{23DDF453-48A9-42D9-8C3E-1123622DDC40}.Ad-Hoc|iPhoneSimulator.Deploy.0 = Release|x86
		{23DDF453-48A9-42D9-8C3E-1123622DDC40}.Ad-Hoc|x64.ActiveCfg = Release|x64
		{23DDF453-48A9-42D9-8C3E-1123622DDC40}.Ad-Hoc|x64.Build.0 = Release|x64
		{23DDF453-48A9-42D9-8C3E-1123622DDC40}.Ad-Hoc|x64.Deploy.0 = Release|x64
		{23DDF453-48A9-42D9-8C3E-1123622DDC40}.Ad-Hoc|x86.ActiveCfg = Release|x86
		{23DDF453-48A9-42D9-8C3E-1123622DDC40}.Ad-Hoc|x86.Build.0 = Release|x86
		{23DDF453-48A9-42D9-8C3E-1123622DDC40}.Ad-Hoc|x86.Deploy.0 = Release|x86
		{23DDF453-48A9-42D9-8C3E-1123622DDC40}.AppStore|Any CPU.ActiveCfg = Release|x86
		{23DDF453-48A9-42D9-8C3E-1123622DDC40}.AppStore|Any CPU.Build.0 = Release|x86
		{23DDF453-48A9-42D9-8C3E-1123622DDC40}.AppStore|Any CPU.Deploy.0 = Release|x86
		{23DDF453-48A9-42D9-8C3E-1123622DDC40}.AppStore|ARM.ActiveCfg = Release|ARM
		{23DDF453-48A9-42D9-8C3E-1123622DDC40}.AppStore|ARM.Build.0 = Release|ARM
		{23DDF453-48A9-42D9-8C3E-1123622DDC40}.AppStore|ARM.Deploy.0 = Release|ARM
		{23DDF453-48A9-42D9-8C3E-1123622DDC40}.AppStore|iPhone.ActiveCfg = Release|x86
		{23DDF453-48A9-42D9-8C3E-1123622DDC40}.AppStore|iPhone.Build.0 = Release|x86
		{23DDF453-48A9-42D9-8C3E-1123622DDC40}.AppStore|iPhone.Deploy.0 = Release|x86
		{23DDF453-48A9-42D9-8C3E-1123622DDC40}.AppStore|iPhoneSimulator.ActiveCfg = Release|x86
		{23DDF453-48A9-42D9-8C3E-1123622DDC40}.AppStore|iPhoneSimulator.Build.0 = Release|x86
		{23DDF453-48A9-42D9-8C3E-1123622DDC40}.AppStore|iPhoneSimulator.Deploy.0 = Release|x86
		{23DDF453-48A9-42D9-8C3E-1123622DDC40}.AppStore|x64.ActiveCfg = Release|x64
		{23DDF453-48A9-42D9-8C3E-1123622DDC40}.AppStore|x64.Build.0 = Release|x64
		{23DDF453-48A9-42D9-8C3E-1123622DDC40}.AppStore|x64.Deploy.0 = Release|x64
		{23DDF453-48A9-42D9-8C3E-1123622DDC40}.AppStore|x86.ActiveCfg = Release|x86
		{23DDF453-48A9-42D9-8C3E-1123622DDC40}.AppStore|x86.Build.0 = Release|x86
		{23DDF453-48A9-42D9-8C3E-1123622DDC40}.AppStore|x86.Deploy.0 = Release|x86
		{23DDF453-48A9-42D9-8C3E-1123622DDC40}.Debug|Any CPU.ActiveCfg = Debug|x86
		{23DDF453-48A9-42D9-8C3E-1123622DDC40}.Debug|ARM.ActiveCfg = Debug|ARM
		{23DDF453-48A9-42D9-8C3E-1123622DDC40}.Debug|ARM.Build.0 = Debug|ARM
		{23DDF453-48A9-42D9-8C3E-1123622DDC40}.Debug|ARM.Deploy.0 = Debug|ARM
		{23DDF453-48A9-42D9-8C3E-1123622DDC40}.Debug|iPhone.ActiveCfg = Debug|x86
		{23DDF453-48A9-42D9-8C3E-1123622DDC40}.Debug|iPhoneSimulator.ActiveCfg = Debug|x86
		{23DDF453-48A9-42D9-8C3E-1123622DDC40}.Debug|x64.ActiveCfg = Debug|x64
		{23DDF453-48A9-42D9-8C3E-1123622DDC40}.Debug|x64.Build.0 = Debug|x64
		{23DDF453-48A9-42D9-8C3E-1123622DDC40}.Debug|x64.Deploy.0 = Debug|x64
		{23DDF453-48A9-42D9-8C3E-1123622DDC40}.Debug|x86.ActiveCfg = Debug|x86
		{23DDF453-48A9-42D9-8C3E-1123622DDC40}.Debug|x86.Build.0 = Debug|x86
		{23DDF453-48A9-42D9-8C3E-1123622DDC40}.Debug|x86.Deploy.0 = Debug|x86
		{23DDF453-48A9-42D9-8C3E-1123622DDC40}.Release|Any CPU.ActiveCfg = Release|x86
		{23DDF453-48A9-42D9-8C3E-1123622DDC40}.Release|ARM.ActiveCfg = Release|ARM
		{23DDF453-48A9-42D9-8C3E-1123622DDC40}.Release|ARM.Build.0 = Release|ARM
		{23DDF453-48A9-42D9-8C3E-1123622DDC40}.Release|ARM.Deploy.0 = Release|ARM
		{23DDF453-48A9-42D9-8C3E-1123622DDC40}.Release|iPhone.ActiveCfg = Release|x86
		{23DDF453-48A9-42D9-8C3E-1123622DDC40}.Release|iPhoneSimulator.ActiveCfg = Release|x86
		{23DDF453-48A9-42D9-8C3E-1123622DDC40}.Release|x64.ActiveCfg = Release|x64
		{23DDF453-48A9-42D9-8C3E-1123622DDC40}.Release|x64.Build.0 = Release|x64
		{23DDF453-48A9-42D9-8C3E-1123622DDC40}.Release|x64.Deploy.0 = Release|x64
		{23DDF453-48A9-42D9-8C3E-1123622DDC40}.Release|x86.ActiveCfg = Release|x86
		{23DDF453-48A9-42D9-8C3E-1123622DDC40}.Release|x86.Build.0 = Release|x86
		{23DDF453-48A9-42D9-8C3E-1123622DDC40}.Release|x86.Deploy.0 = Release|x86
		{68AECE00-CA52-4940-96E8-77454C27CF50}.Ad-Hoc|Any CPU.ActiveCfg = Release|Any CPU
		{68AECE00-CA52-4940-96E8-77454C27CF50}.Ad-Hoc|Any CPU.Build.0 = Release|Any CPU
		{68AECE00-CA52-4940-96E8-77454C27CF50}.Ad-Hoc|Any CPU.Deploy.0 = Release|Any CPU
		{68AECE00-CA52-4940-96E8-77454C27CF50}.Ad-Hoc|ARM.ActiveCfg = Release|ARM
		{68AECE00-CA52-4940-96E8-77454C27CF50}.Ad-Hoc|ARM.Build.0 = Release|ARM
		{68AECE00-CA52-4940-96E8-77454C27CF50}.Ad-Hoc|ARM.Deploy.0 = Release|ARM
		{68AECE00-CA52-4940-96E8-77454C27CF50}.Ad-Hoc|iPhone.ActiveCfg = Release|Any CPU
		{68AECE00-CA52-4940-96E8-77454C27CF50}.Ad-Hoc|iPhone.Build.0 = Release|Any CPU
		{68AECE00-CA52-4940-96E8-77454C27CF50}.Ad-Hoc|iPhone.Deploy.0 = Release|Any CPU
		{68AECE00-CA52-4940-96E8-77454C27CF50}.Ad-Hoc|iPhoneSimulator.ActiveCfg = Release|Any CPU
		{68AECE00-CA52-4940-96E8-77454C27CF50}.Ad-Hoc|iPhoneSimulator.Build.0 = Release|Any CPU
		{68AECE00-CA52-4940-96E8-77454C27CF50}.Ad-Hoc|iPhoneSimulator.Deploy.0 = Release|Any CPU
		{68AECE00-CA52-4940-96E8-77454C27CF50}.Ad-Hoc|x64.ActiveCfg = Release|x64
		{68AECE00-CA52-4940-96E8-77454C27CF50}.Ad-Hoc|x64.Build.0 = Release|x64
		{68AECE00-CA52-4940-96E8-77454C27CF50}.Ad-Hoc|x64.Deploy.0 = Release|x64
		{68AECE00-CA52-4940-96E8-77454C27CF50}.Ad-Hoc|x86.ActiveCfg = Release|x86
		{68AECE00-CA52-4940-96E8-77454C27CF50}.Ad-Hoc|x86.Build.0 = Release|x86
		{68AECE00-CA52-4940-96E8-77454C27CF50}.Ad-Hoc|x86.Deploy.0 = Release|x86
		{68AECE00-CA52-4940-96E8-77454C27CF50}.AppStore|Any CPU.ActiveCfg = Release|Any CPU
		{68AECE00-CA52-4940-96E8-77454C27CF50}.AppStore|Any CPU.Build.0 = Release|Any CPU
		{68AECE00-CA52-4940-96E8-77454C27CF50}.AppStore|Any CPU.Deploy.0 = Release|Any CPU
		{68AECE00-CA52-4940-96E8-77454C27CF50}.AppStore|ARM.ActiveCfg = Release|ARM
		{68AECE00-CA52-4940-96E8-77454C27CF50}.AppStore|ARM.Build.0 = Release|ARM
		{68AECE00-CA52-4940-96E8-77454C27CF50}.AppStore|ARM.Deploy.0 = Release|ARM
		{68AECE00-CA52-4940-96E8-77454C27CF50}.AppStore|iPhone.ActiveCfg = Release|Any CPU
		{68AECE00-CA52-4940-96E8-77454C27CF50}.AppStore|iPhone.Build.0 = Release|Any CPU
		{68AECE00-CA52-4940-96E8-77454C27CF50}.AppStore|iPhone.Deploy.0 = Release|Any CPU
		{68AECE00-CA52-4940-96E8-77454C27CF50}.AppStore|iPhoneSimulator.ActiveCfg = Release|Any CPU
		{68AECE00-CA52-4940-96E8-77454C27CF50}.AppStore|iPhoneSimulator.Build.0 = Release|Any CPU
		{68AECE00-CA52-4940-96E8-77454C27CF50}.AppStore|iPhoneSimulator.Deploy.0 = Release|Any CPU
		{68AECE00-CA52-4940-96E8-77454C27CF50}.AppStore|x64.ActiveCfg = Release|x64
		{68AECE00-CA52-4940-96E8-77454C27CF50}.AppStore|x64.Build.0 = Release|x64
		{68AECE00-CA52-4940-96E8-77454C27CF50}.AppStore|x64.Deploy.0 = Release|x64
		{68AECE00-CA52-4940-96E8-77454C27CF50}.AppStore|x86.ActiveCfg = Release|x86
		{68AECE00-CA52-4940-96E8-77454C27CF50}.AppStore|x86.Build.0 = Release|x86
		{68AECE00-CA52-4940-96E8-77454C27CF50}.AppStore|x86.Deploy.0 = Release|x86
		{68AECE00-CA52-4940-96E8-77454C27CF50}.Debug|Any CPU.ActiveCfg = Debug|Any CPU
		{68AECE00-CA52-4940-96E8-77454C27CF50}.Debug|Any CPU.Build.0 = Debug|Any CPU
		{68AECE00-CA52-4940-96E8-77454C27CF50}.Debug|Any CPU.Deploy.0 = Debug|Any CPU
		{68AECE00-CA52-4940-96E8-77454C27CF50}.Debug|ARM.ActiveCfg = Debug|ARM
		{68AECE00-CA52-4940-96E8-77454C27CF50}.Debug|ARM.Build.0 = Debug|ARM
		{68AECE00-CA52-4940-96E8-77454C27CF50}.Debug|ARM.Deploy.0 = Debug|ARM
		{68AECE00-CA52-4940-96E8-77454C27CF50}.Debug|iPhone.ActiveCfg = Debug|Any CPU
		{68AECE00-CA52-4940-96E8-77454C27CF50}.Debug|iPhone.Build.0 = Debug|Any CPU
		{68AECE00-CA52-4940-96E8-77454C27CF50}.Debug|iPhone.Deploy.0 = Debug|Any CPU
		{68AECE00-CA52-4940-96E8-77454C27CF50}.Debug|iPhoneSimulator.ActiveCfg = Debug|Any CPU
		{68AECE00-CA52-4940-96E8-77454C27CF50}.Debug|iPhoneSimulator.Build.0 = Debug|Any CPU
		{68AECE00-CA52-4940-96E8-77454C27CF50}.Debug|iPhoneSimulator.Deploy.0 = Debug|Any CPU
		{68AECE00-CA52-4940-96E8-77454C27CF50}.Debug|x64.ActiveCfg = Debug|x64
		{68AECE00-CA52-4940-96E8-77454C27CF50}.Debug|x64.Build.0 = Debug|x64
		{68AECE00-CA52-4940-96E8-77454C27CF50}.Debug|x64.Deploy.0 = Debug|x64
		{68AECE00-CA52-4940-96E8-77454C27CF50}.Debug|x86.ActiveCfg = Debug|x86
		{68AECE00-CA52-4940-96E8-77454C27CF50}.Debug|x86.Build.0 = Debug|x86
		{68AECE00-CA52-4940-96E8-77454C27CF50}.Debug|x86.Deploy.0 = Debug|x86
		{68AECE00-CA52-4940-96E8-77454C27CF50}.Release|Any CPU.ActiveCfg = Release|Any CPU
		{68AECE00-CA52-4940-96E8-77454C27CF50}.Release|Any CPU.Build.0 = Release|Any CPU
		{68AECE00-CA52-4940-96E8-77454C27CF50}.Release|Any CPU.Deploy.0 = Release|Any CPU
		{68AECE00-CA52-4940-96E8-77454C27CF50}.Release|ARM.ActiveCfg = Release|ARM
		{68AECE00-CA52-4940-96E8-77454C27CF50}.Release|ARM.Build.0 = Release|ARM
		{68AECE00-CA52-4940-96E8-77454C27CF50}.Release|ARM.Deploy.0 = Release|ARM
		{68AECE00-CA52-4940-96E8-77454C27CF50}.Release|iPhone.ActiveCfg = Release|Any CPU
		{68AECE00-CA52-4940-96E8-77454C27CF50}.Release|iPhone.Build.0 = Release|Any CPU
		{68AECE00-CA52-4940-96E8-77454C27CF50}.Release|iPhone.Deploy.0 = Release|Any CPU
		{68AECE00-CA52-4940-96E8-77454C27CF50}.Release|iPhoneSimulator.ActiveCfg = Release|Any CPU
		{68AECE00-CA52-4940-96E8-77454C27CF50}.Release|iPhoneSimulator.Build.0 = Release|Any CPU
		{68AECE00-CA52-4940-96E8-77454C27CF50}.Release|iPhoneSimulator.Deploy.0 = Release|Any CPU
		{68AECE00-CA52-4940-96E8-77454C27CF50}.Release|x64.ActiveCfg = Release|x64
		{68AECE00-CA52-4940-96E8-77454C27CF50}.Release|x64.Build.0 = Release|x64
		{68AECE00-CA52-4940-96E8-77454C27CF50}.Release|x64.Deploy.0 = Release|x64
		{68AECE00-CA52-4940-96E8-77454C27CF50}.Release|x86.ActiveCfg = Release|x86
		{68AECE00-CA52-4940-96E8-77454C27CF50}.Release|x86.Build.0 = Release|x86
		{68AECE00-CA52-4940-96E8-77454C27CF50}.Release|x86.Deploy.0 = Release|x86
	EndGlobalSection
	GlobalSection(SolutionProperties) = preSolution
		HideSolutionNode = FALSE
	EndGlobalSection
EndGlobal
